// !$*UTF8*$!
{
	archiveVersion = 1;
	classes = {
	};
	objectVersion = 46;
	objects = {

/* Begin PBXBuildFile section */
		042E118A1EBC570E00CB5944 /* MJRefreshAutoFooter.h in Headers */ = {isa = PBXBuildFile; fileRef = 042E115D1EBC570E00CB5944 /* MJRefreshAutoFooter.h */; settings = {ATTRIBUTES = (Public, ); }; };
		042E118B1EBC570E00CB5944 /* MJRefreshAutoFooter.m in Sources */ = {isa = PBXBuildFile; fileRef = 042E115E1EBC570E00CB5944 /* MJRefreshAutoFooter.m */; };
		042E118C1EBC570E00CB5944 /* MJRefreshBackFooter.h in Headers */ = {isa = PBXBuildFile; fileRef = 042E115F1EBC570E00CB5944 /* MJRefreshBackFooter.h */; settings = {ATTRIBUTES = (Public, ); }; };
		042E118D1EBC570E00CB5944 /* MJRefreshBackFooter.m in Sources */ = {isa = PBXBuildFile; fileRef = 042E11601EBC570E00CB5944 /* MJRefreshBackFooter.m */; };
		042E118E1EBC570E00CB5944 /* MJRefreshComponent.h in Headers */ = {isa = PBXBuildFile; fileRef = 042E11611EBC570E00CB5944 /* MJRefreshComponent.h */; settings = {ATTRIBUTES = (Public, ); }; };
		042E118F1EBC570E00CB5944 /* MJRefreshComponent.m in Sources */ = {isa = PBXBuildFile; fileRef = 042E11621EBC570E00CB5944 /* MJRefreshComponent.m */; };
		042E11901EBC570E00CB5944 /* MJRefreshFooter.h in Headers */ = {isa = PBXBuildFile; fileRef = 042E11631EBC570E00CB5944 /* MJRefreshFooter.h */; settings = {ATTRIBUTES = (Public, ); }; };
		042E11911EBC570E00CB5944 /* MJRefreshFooter.m in Sources */ = {isa = PBXBuildFile; fileRef = 042E11641EBC570E00CB5944 /* MJRefreshFooter.m */; };
		042E11921EBC570E00CB5944 /* MJRefreshHeader.h in Headers */ = {isa = PBXBuildFile; fileRef = 042E11651EBC570E00CB5944 /* MJRefreshHeader.h */; settings = {ATTRIBUTES = (Public, ); }; };
		042E11931EBC570E00CB5944 /* MJRefreshHeader.m in Sources */ = {isa = PBXBuildFile; fileRef = 042E11661EBC570E00CB5944 /* MJRefreshHeader.m */; };
		042E11941EBC570E00CB5944 /* MJRefreshAutoGifFooter.h in Headers */ = {isa = PBXBuildFile; fileRef = 042E116A1EBC570E00CB5944 /* MJRefreshAutoGifFooter.h */; settings = {ATTRIBUTES = (Public, ); }; };
		042E11951EBC570E00CB5944 /* MJRefreshAutoGifFooter.m in Sources */ = {isa = PBXBuildFile; fileRef = 042E116B1EBC570E00CB5944 /* MJRefreshAutoGifFooter.m */; };
		042E11961EBC570E00CB5944 /* MJRefreshAutoNormalFooter.h in Headers */ = {isa = PBXBuildFile; fileRef = 042E116C1EBC570E00CB5944 /* MJRefreshAutoNormalFooter.h */; settings = {ATTRIBUTES = (Public, ); }; };
		042E11971EBC570E00CB5944 /* MJRefreshAutoNormalFooter.m in Sources */ = {isa = PBXBuildFile; fileRef = 042E116D1EBC570E00CB5944 /* MJRefreshAutoNormalFooter.m */; };
		042E11981EBC570E00CB5944 /* MJRefreshAutoStateFooter.h in Headers */ = {isa = PBXBuildFile; fileRef = 042E116E1EBC570E00CB5944 /* MJRefreshAutoStateFooter.h */; settings = {ATTRIBUTES = (Public, ); }; };
		042E11991EBC570E00CB5944 /* MJRefreshAutoStateFooter.m in Sources */ = {isa = PBXBuildFile; fileRef = 042E116F1EBC570E00CB5944 /* MJRefreshAutoStateFooter.m */; };
		042E119A1EBC570E00CB5944 /* MJRefreshBackGifFooter.h in Headers */ = {isa = PBXBuildFile; fileRef = 042E11711EBC570E00CB5944 /* MJRefreshBackGifFooter.h */; settings = {ATTRIBUTES = (Public, ); }; };
		042E119B1EBC570E00CB5944 /* MJRefreshBackGifFooter.m in Sources */ = {isa = PBXBuildFile; fileRef = 042E11721EBC570E00CB5944 /* MJRefreshBackGifFooter.m */; };
		042E119C1EBC570E00CB5944 /* MJRefreshBackNormalFooter.h in Headers */ = {isa = PBXBuildFile; fileRef = 042E11731EBC570E00CB5944 /* MJRefreshBackNormalFooter.h */; settings = {ATTRIBUTES = (Public, ); }; };
		042E119D1EBC570E00CB5944 /* MJRefreshBackNormalFooter.m in Sources */ = {isa = PBXBuildFile; fileRef = 042E11741EBC570E00CB5944 /* MJRefreshBackNormalFooter.m */; };
		042E119E1EBC570E00CB5944 /* MJRefreshBackStateFooter.h in Headers */ = {isa = PBXBuildFile; fileRef = 042E11751EBC570E00CB5944 /* MJRefreshBackStateFooter.h */; settings = {ATTRIBUTES = (Public, ); }; };
		042E119F1EBC570E00CB5944 /* MJRefreshBackStateFooter.m in Sources */ = {isa = PBXBuildFile; fileRef = 042E11761EBC570E00CB5944 /* MJRefreshBackStateFooter.m */; };
		042E11A01EBC570E00CB5944 /* MJRefreshGifHeader.h in Headers */ = {isa = PBXBuildFile; fileRef = 042E11781EBC570E00CB5944 /* MJRefreshGifHeader.h */; settings = {ATTRIBUTES = (Public, ); }; };
		042E11A11EBC570E00CB5944 /* MJRefreshGifHeader.m in Sources */ = {isa = PBXBuildFile; fileRef = 042E11791EBC570E00CB5944 /* MJRefreshGifHeader.m */; };
		042E11A21EBC570E00CB5944 /* MJRefreshNormalHeader.h in Headers */ = {isa = PBXBuildFile; fileRef = 042E117A1EBC570E00CB5944 /* MJRefreshNormalHeader.h */; settings = {ATTRIBUTES = (Public, ); }; };
		042E11A31EBC570E00CB5944 /* MJRefreshNormalHeader.m in Sources */ = {isa = PBXBuildFile; fileRef = 042E117B1EBC570E00CB5944 /* MJRefreshNormalHeader.m */; };
		042E11A41EBC570E00CB5944 /* MJRefreshStateHeader.h in Headers */ = {isa = PBXBuildFile; fileRef = 042E117C1EBC570E00CB5944 /* MJRefreshStateHeader.h */; settings = {ATTRIBUTES = (Public, ); }; };
		042E11A51EBC570E00CB5944 /* MJRefreshStateHeader.m in Sources */ = {isa = PBXBuildFile; fileRef = 042E117D1EBC570E00CB5944 /* MJRefreshStateHeader.m */; };
		042E11A61EBC570E00CB5944 /* MJRefresh.bundle in Resources */ = {isa = PBXBuildFile; fileRef = 042E117E1EBC570E00CB5944 /* MJRefresh.bundle */; };
		042E11A71EBC570E00CB5944 /* MJRefresh.h in Headers */ = {isa = PBXBuildFile; fileRef = 042E117F1EBC570E00CB5944 /* MJRefresh.h */; settings = {ATTRIBUTES = (Public, ); }; };
		042E11A81EBC570E00CB5944 /* MJRefreshConst.h in Headers */ = {isa = PBXBuildFile; fileRef = 042E11801EBC570E00CB5944 /* MJRefreshConst.h */; settings = {ATTRIBUTES = (Public, ); }; };
		042E11A91EBC570E00CB5944 /* MJRefreshConst.m in Sources */ = {isa = PBXBuildFile; fileRef = 042E11811EBC570E00CB5944 /* MJRefreshConst.m */; };
		042E11AA1EBC570E00CB5944 /* NSBundle+MJRefresh.h in Headers */ = {isa = PBXBuildFile; fileRef = 042E11821EBC570E00CB5944 /* NSBundle+MJRefresh.h */; settings = {ATTRIBUTES = (Public, ); }; };
		042E11AB1EBC570E00CB5944 /* NSBundle+MJRefresh.m in Sources */ = {isa = PBXBuildFile; fileRef = 042E11831EBC570E00CB5944 /* NSBundle+MJRefresh.m */; };
		042E11AC1EBC570E00CB5944 /* UIScrollView+MJExtension.h in Headers */ = {isa = PBXBuildFile; fileRef = 042E11841EBC570E00CB5944 /* UIScrollView+MJExtension.h */; settings = {ATTRIBUTES = (Public, ); }; };
		042E11AD1EBC570E00CB5944 /* UIScrollView+MJExtension.m in Sources */ = {isa = PBXBuildFile; fileRef = 042E11851EBC570E00CB5944 /* UIScrollView+MJExtension.m */; };
		042E11AE1EBC570E00CB5944 /* UIScrollView+MJRefresh.h in Headers */ = {isa = PBXBuildFile; fileRef = 042E11861EBC570E00CB5944 /* UIScrollView+MJRefresh.h */; settings = {ATTRIBUTES = (Public, ); }; };
		042E11AF1EBC570E00CB5944 /* UIScrollView+MJRefresh.m in Sources */ = {isa = PBXBuildFile; fileRef = 042E11871EBC570E00CB5944 /* UIScrollView+MJRefresh.m */; };
		042E11B01EBC570E00CB5944 /* UIView+MJExtension.h in Headers */ = {isa = PBXBuildFile; fileRef = 042E11881EBC570E00CB5944 /* UIView+MJExtension.h */; settings = {ATTRIBUTES = (Public, ); }; };
		042E11B11EBC570E00CB5944 /* UIView+MJExtension.m in Sources */ = {isa = PBXBuildFile; fileRef = 042E11891EBC570E00CB5944 /* UIView+MJExtension.m */; };
		042E11B31EBC59AE00CB5944 /* BaseTabVC.swift in Sources */ = {isa = PBXBuildFile; fileRef = 042E11B21EBC59AE00CB5944 /* BaseTabVC.swift */; };
		0446B3491ED6CBBB00515043 /* ZYChineseSort.h in Headers */ = {isa = PBXBuildFile; fileRef = 0446B3471ED6CBBB00515043 /* ZYChineseSort.h */; settings = {ATTRIBUTES = (Public, ); }; };
		0446B34A1ED6CBBB00515043 /* ZYChineseSort.m in Sources */ = {isa = PBXBuildFile; fileRef = 0446B3481ED6CBBB00515043 /* ZYChineseSort.m */; };
		0447EA781E98E21200D32E19 /* BallPool.html in Resources */ = {isa = PBXBuildFile; fileRef = 0447EA731E98E21200D32E19 /* BallPool.html */; };
		0447EA791E98E21200D32E19 /* box2d.js in Resources */ = {isa = PBXBuildFile; fileRef = 0447EA741E98E21200D32E19 /* box2d.js */; };
		0447EA7A1E98E21200D32E19 /* ga.js in Resources */ = {isa = PBXBuildFile; fileRef = 0447EA751E98E21200D32E19 /* ga.js */; };
		0447EA7B1E98E21200D32E19 /* Main.js in Resources */ = {isa = PBXBuildFile; fileRef = 0447EA761E98E21200D32E19 /* Main.js */; };
		0447EA7C1E98E21200D32E19 /* protoclass.js in Resources */ = {isa = PBXBuildFile; fileRef = 0447EA771E98E21200D32E19 /* protoclass.js */; };
		046EE1DE1EC449990045976F /* HMSegmentedControl.h in Headers */ = {isa = PBXBuildFile; fileRef = 046EE1DC1EC449990045976F /* HMSegmentedControl.h */; settings = {ATTRIBUTES = (Public, ); }; };
		046EE1DF1EC449990045976F /* HMSegmentedControl.m in Sources */ = {isa = PBXBuildFile; fileRef = 046EE1DD1EC449990045976F /* HMSegmentedControl.m */; };
		046EE1E41EC44AB80045976F /* HMSegmentVC.swift in Sources */ = {isa = PBXBuildFile; fileRef = 046EE1E31EC44AB80045976F /* HMSegmentVC.swift */; };
		047E4A701EC0424C000B9356 /* NSObject+Property.h in Headers */ = {isa = PBXBuildFile; fileRef = 047E4A6E1EC0424C000B9356 /* NSObject+Property.h */; settings = {ATTRIBUTES = (Public, ); }; };
		047E4A711EC0424C000B9356 /* NSObject+Property.m in Sources */ = {isa = PBXBuildFile; fileRef = 047E4A6F1EC0424C000B9356 /* NSObject+Property.m */; };
		047E4A741EC04A2F000B9356 /* NSObject+Swizzling.h in Headers */ = {isa = PBXBuildFile; fileRef = 047E4A721EC04A2F000B9356 /* NSObject+Swizzling.h */; settings = {ATTRIBUTES = (Public, ); }; };
		047E4A751EC04A2F000B9356 /* NSObject+Swizzling.m in Sources */ = {isa = PBXBuildFile; fileRef = 047E4A731EC04A2F000B9356 /* NSObject+Swizzling.m */; };
		047E4A781EC04A53000B9356 /* UINavigationController+SGProgress.h in Headers */ = {isa = PBXBuildFile; fileRef = 047E4A761EC04A53000B9356 /* UINavigationController+SGProgress.h */; settings = {ATTRIBUTES = (Public, ); }; };
		047E4A791EC04A53000B9356 /* UINavigationController+SGProgress.m in Sources */ = {isa = PBXBuildFile; fileRef = 047E4A771EC04A53000B9356 /* UINavigationController+SGProgress.m */; };
		047E4A801EC04A7A000B9356 /* UISearchBar+PlaceholderAlignment.m in Sources */ = {isa = PBXBuildFile; fileRef = 047E4A7E1EC04A7A000B9356 /* UISearchBar+PlaceholderAlignment.m */; };
		047E4A811EC04A7A000B9356 /* UISearchBar+PlaceholderAlignment.h in Headers */ = {isa = PBXBuildFile; fileRef = 047E4A7F1EC04A7A000B9356 /* UISearchBar+PlaceholderAlignment.h */; settings = {ATTRIBUTES = (Public, ); }; };
		047E4A881EC04B61000B9356 /* UITableView+CacheCellHeight.swift in Sources */ = {isa = PBXBuildFile; fileRef = 047E4A861EC04B61000B9356 /* UITableView+CacheCellHeight.swift */; };
		047E4A891EC04B61000B9356 /* UITableViewCell+AutoCellHeight.swift in Sources */ = {isa = PBXBuildFile; fileRef = 047E4A871EC04B61000B9356 /* UITableViewCell+AutoCellHeight.swift */; };
		047E4A8C1EC051F9000B9356 /* UIView+CustomeAlert.swift in Sources */ = {isa = PBXBuildFile; fileRef = 047E4A8B1EC051F9000B9356 /* UIView+CustomeAlert.swift */; };
		047E4A8E1EC05519000B9356 /* BaseWebVC.swift in Sources */ = {isa = PBXBuildFile; fileRef = 047E4A8D1EC05519000B9356 /* BaseWebVC.swift */; };
		0489FF151EBD54EB00931E88 /* BaseSearchVC.swift in Sources */ = {isa = PBXBuildFile; fileRef = 0489FF141EBD54EB00931E88 /* BaseSearchVC.swift */; };
		0489FF2A1EBDCC0400931E88 /* MBProgressHUD.h in Headers */ = {isa = PBXBuildFile; fileRef = 0489FF281EBDCC0400931E88 /* MBProgressHUD.h */; settings = {ATTRIBUTES = (Public, ); }; };
		0489FF2B1EBDCC0400931E88 /* MBProgressHUD.m in Sources */ = {isa = PBXBuildFile; fileRef = 0489FF291EBDCC0400931E88 /* MBProgressHUD.m */; };
		049CC25D1F19C8A00050C126 /* UIScrollView+EmptyDataSet.h in Headers */ = {isa = PBXBuildFile; fileRef = 049CC25B1F19C8A00050C126 /* UIScrollView+EmptyDataSet.h */; settings = {ATTRIBUTES = (Public, ); }; };
		049CC25E1F19C8A00050C126 /* UIScrollView+EmptyDataSet.m in Sources */ = {isa = PBXBuildFile; fileRef = 049CC25C1F19C8A00050C126 /* UIScrollView+EmptyDataSet.m */; };
		049CC2621F19FCE70050C126 /* Reachability.h in Headers */ = {isa = PBXBuildFile; fileRef = 049CC2601F19FCE70050C126 /* Reachability.h */; settings = {ATTRIBUTES = (Public, ); }; };
		049CC2631F19FCE70050C126 /* Reachability.m in Sources */ = {isa = PBXBuildFile; fileRef = 049CC2611F19FCE70050C126 /* Reachability.m */; };
		049CC2671F19FF230050C126 /* SystemConfiguration.framework in Frameworks */ = {isa = PBXBuildFile; fileRef = 049CC2661F19FF230050C126 /* SystemConfiguration.framework */; };
		350D47E21E652997001B0C77 /* WebVC.swift in Sources */ = {isa = PBXBuildFile; fileRef = 350D47E11E652997001B0C77 /* WebVC.swift */; };
		350D47EA1E657F80001B0C77 /* index.html in Resources */ = {isa = PBXBuildFile; fileRef = 350D47E91E657F80001B0C77 /* index.html */; };
		356F35651E6949650068D121 /* CodeScan.bundle in Resources */ = {isa = PBXBuildFile; fileRef = 356F35641E6949650068D121 /* CodeScan.bundle */; };
		356F35671E6971720068D121 /* ScanResultVC.swift in Sources */ = {isa = PBXBuildFile; fileRef = 356F35661E6971720068D121 /* ScanResultVC.swift */; };
		357301AD1E6E871900976932 /* QQScanVC.swift in Sources */ = {isa = PBXBuildFile; fileRef = 357301AC1E6E871900976932 /* QQScanVC.swift */; };
		35741CDB1E6FD9DA00589C51 /* BaseDemoVC.swift in Sources */ = {isa = PBXBuildFile; fileRef = 35741CDA1E6FD9DA00589C51 /* BaseDemoVC.swift */; };
		357553261E4817C5005A0755 /* ZYBase.h in Headers */ = {isa = PBXBuildFile; fileRef = 357553241E4817C5005A0755 /* ZYBase.h */; settings = {ATTRIBUTES = (Public, ); }; };
		357553B71E481804005A0755 /* BaseSetting.swift in Sources */ = {isa = PBXBuildFile; fileRef = 3575532E1E481803005A0755 /* BaseSetting.swift */; };
		357553B81E481804005A0755 /* BaseUI.swift in Sources */ = {isa = PBXBuildFile; fileRef = 3575532F1E481803005A0755 /* BaseUI.swift */; };
		357553B91E481804005A0755 /* BaseVC.swift in Sources */ = {isa = PBXBuildFile; fileRef = 357553301E481803005A0755 /* BaseVC.swift */; };
		357553BA1E481804005A0755 /* RootManager.swift in Sources */ = {isa = PBXBuildFile; fileRef = 357553311E481803005A0755 /* RootManager.swift */; };
		357553E61E481804005A0755 /* LBXPermissions.swift in Sources */ = {isa = PBXBuildFile; fileRef = 3575536B1E481803005A0755 /* LBXPermissions.swift */; };
		357553E71E481804005A0755 /* LBXScanLineAnimation.swift in Sources */ = {isa = PBXBuildFile; fileRef = 3575536C1E481803005A0755 /* LBXScanLineAnimation.swift */; };
		357553E81E481804005A0755 /* LBXScanNetAnimation.swift in Sources */ = {isa = PBXBuildFile; fileRef = 3575536D1E481803005A0755 /* LBXScanNetAnimation.swift */; };
		357553E91E481804005A0755 /* LBXScanView.swift in Sources */ = {isa = PBXBuildFile; fileRef = 3575536E1E481803005A0755 /* LBXScanView.swift */; };
		357553EA1E481804005A0755 /* LBXScanViewController.swift in Sources */ = {isa = PBXBuildFile; fileRef = 3575536F1E481803005A0755 /* LBXScanViewController.swift */; };
		357553EB1E481804005A0755 /* LBXScanViewStyle.swift in Sources */ = {isa = PBXBuildFile; fileRef = 357553701E481803005A0755 /* LBXScanViewStyle.swift */; };
		357553EC1E481804005A0755 /* LBXScanWrapper.swift in Sources */ = {isa = PBXBuildFile; fileRef = 357553711E481803005A0755 /* LBXScanWrapper.swift */; };
		3575540F1E481804005A0755 /* SwiftyJSON.swift in Sources */ = {isa = PBXBuildFile; fileRef = 3575539B1E481804005A0755 /* SwiftyJSON.swift */; };
		357554101E481804005A0755 /* TTTAttributedLabel.h in Headers */ = {isa = PBXBuildFile; fileRef = 3575539D1E481804005A0755 /* TTTAttributedLabel.h */; settings = {ATTRIBUTES = (Public, ); }; };
		357554111E481804005A0755 /* TTTAttributedLabel.m in Sources */ = {isa = PBXBuildFile; fileRef = 3575539E1E481804005A0755 /* TTTAttributedLabel.m */; };
		357554121E481804005A0755 /* ZYBadgeView.h in Headers */ = {isa = PBXBuildFile; fileRef = 357553A11E481804005A0755 /* ZYBadgeView.h */; settings = {ATTRIBUTES = (Public, ); }; };
		357554131E481804005A0755 /* ZYBadgeView.m in Sources */ = {isa = PBXBuildFile; fileRef = 357553A21E481804005A0755 /* ZYBadgeView.m */; };
		357554141E481804005A0755 /* UIWindow+ZYUitily.h in Headers */ = {isa = PBXBuildFile; fileRef = 357553A41E481804005A0755 /* UIWindow+ZYUitily.h */; settings = {ATTRIBUTES = (Private, ); }; };
		357554151E481804005A0755 /* UIWindow+ZYUitily.m in Sources */ = {isa = PBXBuildFile; fileRef = 357553A51E481804005A0755 /* UIWindow+ZYUitily.m */; };
		357554161E481804005A0755 /* ZYAlertVC.h in Headers */ = {isa = PBXBuildFile; fileRef = 357553A61E481804005A0755 /* ZYAlertVC.h */; settings = {ATTRIBUTES = (Private, ); }; };
		357554171E481804005A0755 /* ZYAlertVC.m in Sources */ = {isa = PBXBuildFile; fileRef = 357553A71E481804005A0755 /* ZYAlertVC.m */; };
		357554181E481804005A0755 /* ZYAlertView.h in Headers */ = {isa = PBXBuildFile; fileRef = 357553A81E481804005A0755 /* ZYAlertView.h */; settings = {ATTRIBUTES = (Public, ); }; };
		357554191E481804005A0755 /* ZYAlertView.m in Sources */ = {isa = PBXBuildFile; fileRef = 357553A91E481804005A0755 /* ZYAlertView.m */; };
		3575541A1E481804005A0755 /* ZYAlertWindow.h in Headers */ = {isa = PBXBuildFile; fileRef = 357553AA1E481804005A0755 /* ZYAlertWindow.h */; settings = {ATTRIBUTES = (Private, ); }; };
		3575541B1E481804005A0755 /* ZYAlertWindow.m in Sources */ = {isa = PBXBuildFile; fileRef = 357553AB1E481804005A0755 /* ZYAlertWindow.m */; };
		3575541C1E481804005A0755 /* ZYFileManager.h in Headers */ = {isa = PBXBuildFile; fileRef = 357553AD1E481804005A0755 /* ZYFileManager.h */; settings = {ATTRIBUTES = (Public, ); }; };
		3575541D1E481804005A0755 /* ZYFileManager.m in Sources */ = {isa = PBXBuildFile; fileRef = 357553AE1E481804005A0755 /* ZYFileManager.m */; };
		3575541E1E481804005A0755 /* ZYRootModel.swift in Sources */ = {isa = PBXBuildFile; fileRef = 357553B01E481804005A0755 /* ZYRootModel.swift */; };
		3575541F1E481804005A0755 /* ZYNetWork.swift in Sources */ = {isa = PBXBuildFile; fileRef = 357553B21E481804005A0755 /* ZYNetWork.swift */; };
		357554321E4818B7005A0755 /* AppDelegate.swift in Sources */ = {isa = PBXBuildFile; fileRef = 357554311E4818B7005A0755 /* AppDelegate.swift */; };
		357554341E4818B7005A0755 /* DemoVC.swift in Sources */ = {isa = PBXBuildFile; fileRef = 357554331E4818B7005A0755 /* DemoVC.swift */; };
		357554371E4818B7005A0755 /* Main.storyboard in Resources */ = {isa = PBXBuildFile; fileRef = 357554351E4818B7005A0755 /* Main.storyboard */; };
		357554391E4818B7005A0755 /* Assets.xcassets in Resources */ = {isa = PBXBuildFile; fileRef = 357554381E4818B7005A0755 /* Assets.xcassets */; };
		3575543C1E4818B7005A0755 /* LaunchScreen.storyboard in Resources */ = {isa = PBXBuildFile; fileRef = 3575543A1E4818B7005A0755 /* LaunchScreen.storyboard */; };
		357554601E48194A005A0755 /* ChatModel.swift in Sources */ = {isa = PBXBuildFile; fileRef = 357554551E48194A005A0755 /* ChatModel.swift */; };
		357554611E48194A005A0755 /* MyQRCodeViewController.swift in Sources */ = {isa = PBXBuildFile; fileRef = 357554561E48194A005A0755 /* MyQRCodeViewController.swift */; };
		357554631E48194A005A0755 /* TestAlertView.swift in Sources */ = {isa = PBXBuildFile; fileRef = 357554581E48194A005A0755 /* TestAlertView.swift */; };
		357554641E48194A005A0755 /* TestModel.swift in Sources */ = {isa = PBXBuildFile; fileRef = 357554591E48194A005A0755 /* TestModel.swift */; };
		357554651E48194A005A0755 /* TestTableViewCell.swift in Sources */ = {isa = PBXBuildFile; fileRef = 3575545A1E48194A005A0755 /* TestTableViewCell.swift */; };
		357554661E48194A005A0755 /* SetVC.swift in Sources */ = {isa = PBXBuildFile; fileRef = 3575545B1E48194A005A0755 /* SetVC.swift */; };
		357554671E48194A005A0755 /* BrowserVC.swift in Sources */ = {isa = PBXBuildFile; fileRef = 3575545C1E48194A005A0755 /* BrowserVC.swift */; };
		357554701E481AD1005A0755 /* ZYBase.framework in Frameworks */ = {isa = PBXBuildFile; fileRef = 357553211E4817C5005A0755 /* ZYBase.framework */; };
		357554711E481AD1005A0755 /* ZYBase.framework in Embed Frameworks */ = {isa = PBXBuildFile; fileRef = 357553211E4817C5005A0755 /* ZYBase.framework */; settings = {ATTRIBUTES = (CodeSignOnCopy, RemoveHeadersOnCopy, ); }; };
		357554751E481AF7005A0755 /* Alamofire.framework in Frameworks */ = {isa = PBXBuildFile; fileRef = 357554241E481804005A0755 /* Alamofire.framework */; };
		357554761E481AF7005A0755 /* Alamofire.framework in Embed Frameworks */ = {isa = PBXBuildFile; fileRef = 357554241E481804005A0755 /* Alamofire.framework */; settings = {ATTRIBUTES = (CodeSignOnCopy, RemoveHeadersOnCopy, ); }; };
		357554791E481AFC005A0755 /* SnapKit.framework in Frameworks */ = {isa = PBXBuildFile; fileRef = 3575542A1E481804005A0755 /* SnapKit.framework */; };
		3575547A1E481AFC005A0755 /* SnapKit.framework in Embed Frameworks */ = {isa = PBXBuildFile; fileRef = 3575542A1E481804005A0755 /* SnapKit.framework */; settings = {ATTRIBUTES = (CodeSignOnCopy, RemoveHeadersOnCopy, ); }; };
		3575547D1E481B01005A0755 /* Kingfisher.framework in Frameworks */ = {isa = PBXBuildFile; fileRef = 357554271E481804005A0755 /* Kingfisher.framework */; };
		3575547E1E481B01005A0755 /* Kingfisher.framework in Embed Frameworks */ = {isa = PBXBuildFile; fileRef = 357554271E481804005A0755 /* Kingfisher.framework */; settings = {ATTRIBUTES = (CodeSignOnCopy, RemoveHeadersOnCopy, ); }; };
		357805471E67B2AD007AB282 /* ZYCustomActionSheet.swift in Sources */ = {isa = PBXBuildFile; fileRef = 357805461E67B2AD007AB282 /* ZYCustomActionSheet.swift */; };
		3578F80E1E60220D0003E21E /* BadgeNumberVC.swift in Sources */ = {isa = PBXBuildFile; fileRef = 3578F80D1E60220D0003E21E /* BadgeNumberVC.swift */; };
		3578F8101E6023040003E21E /* CustomAlertVC.swift in Sources */ = {isa = PBXBuildFile; fileRef = 3578F80F1E6023040003E21E /* CustomAlertVC.swift */; };
		3578F8121E6023120003E21E /* ScanVC.swift in Sources */ = {isa = PBXBuildFile; fileRef = 3578F8111E6023120003E21E /* ScanVC.swift */; };
		3578F8141E6023280003E21E /* AutoCellHightVC.swift in Sources */ = {isa = PBXBuildFile; fileRef = 3578F8131E6023280003E21E /* AutoCellHightVC.swift */; };
		3578F8161E6023500003E21E /* AorKDemoVC.swift in Sources */ = {isa = PBXBuildFile; fileRef = 3578F8151E6023500003E21E /* AorKDemoVC.swift */; };
		3578F8181E6023650003E21E /* WKWebVC.swift in Sources */ = {isa = PBXBuildFile; fileRef = 3578F8171E6023650003E21E /* WKWebVC.swift */; };
		3592612A1E6910E40082575E /* backbutton.png in Resources */ = {isa = PBXBuildFile; fileRef = 359261221E6910E40082575E /* backbutton.png */; };
		3592612B1E6910E40082575E /* backbutton@2x.png in Resources */ = {isa = PBXBuildFile; fileRef = 359261231E6910E40082575E /* backbutton@2x.png */; };
		3592612C1E6910E40082575E /* backbutton@3x.png in Resources */ = {isa = PBXBuildFile; fileRef = 359261241E6910E40082575E /* backbutton@3x.png */; };
		3592612D1E6910E40082575E /* forwardbutton.png in Resources */ = {isa = PBXBuildFile; fileRef = 359261251E6910E40082575E /* forwardbutton.png */; };
		3592612E1E6910E40082575E /* forwardbutton@2x.png in Resources */ = {isa = PBXBuildFile; fileRef = 359261261E6910E40082575E /* forwardbutton@2x.png */; };
		3592612F1E6910E40082575E /* forwardbutton@3x.png in Resources */ = {isa = PBXBuildFile; fileRef = 359261271E6910E40082575E /* forwardbutton@3x.png */; };
		359261301E6910E40082575E /* KINWebBrowserViewController.m in Sources */ = {isa = PBXBuildFile; fileRef = 359261291E6910E40082575E /* KINWebBrowserViewController.m */; };
		3593596F1E66772100316A58 /* ZYCustomSelectAlert.swift in Sources */ = {isa = PBXBuildFile; fileRef = 3593596E1E66772100316A58 /* ZYCustomSelectAlert.swift */; };
		359359711E669F0200316A58 /* ZYCustomActionAlert.swift in Sources */ = {isa = PBXBuildFile; fileRef = 359359701E669F0200316A58 /* ZYCustomActionAlert.swift */; };
/* End PBXBuildFile section */

/* Begin PBXContainerItemProxy section */
		357554231E481804005A0755 /* PBXContainerItemProxy */ = {
			isa = PBXContainerItemProxy;
			containerPortal = 357553341E481803005A0755 /* Alamofire.xcodeproj */;
			proxyType = 2;
			remoteGlobalIDString = 357553371E481803005A0755;
			remoteInfo = "Alamofire iOS";
		};
		357554261E481804005A0755 /* PBXContainerItemProxy */ = {
			isa = PBXContainerItemProxy;
			containerPortal = 3575534D1E481803005A0755 /* Kingfisher.xcodeproj */;
			proxyType = 2;
			remoteGlobalIDString = 357553501E481803005A0755;
			remoteInfo = "Kingfisher-iOS";
		};
		357554291E481804005A0755 /* PBXContainerItemProxy */ = {
			isa = PBXContainerItemProxy;
			containerPortal = 357553731E481803005A0755 /* SnapKit.xcodeproj */;
			proxyType = 2;
			remoteGlobalIDString = 357553761E481803005A0755;
			remoteInfo = SnapKit;
		};
		357554721E481AD1005A0755 /* PBXContainerItemProxy */ = {
			isa = PBXContainerItemProxy;
			containerPortal = 357553181E4817C5005A0755 /* Project object */;
			proxyType = 1;
			remoteGlobalIDString = 357553201E4817C5005A0755;
			remoteInfo = ZYBase;
		};
		357554771E481AF7005A0755 /* PBXContainerItemProxy */ = {
			isa = PBXContainerItemProxy;
			containerPortal = 357553341E481803005A0755 /* Alamofire.xcodeproj */;
			proxyType = 1;
			remoteGlobalIDString = F8111E3219A95C8B0040E7D1;
			remoteInfo = "Alamofire iOS";
		};
		3575547B1E481AFC005A0755 /* PBXContainerItemProxy */ = {
			isa = PBXContainerItemProxy;
			containerPortal = 357553731E481803005A0755 /* SnapKit.xcodeproj */;
			proxyType = 1;
			remoteGlobalIDString = EEBCC9D719CC627D0083B827;
			remoteInfo = SnapKit;
		};
		3575547F1E481B01005A0755 /* PBXContainerItemProxy */ = {
			isa = PBXContainerItemProxy;
			containerPortal = 3575534D1E481803005A0755 /* Kingfisher.xcodeproj */;
			proxyType = 1;
			remoteGlobalIDString = D1ED2D341AD2D09F00CFC3EB;
			remoteInfo = "Kingfisher-iOS";
		};
/* End PBXContainerItemProxy section */

/* Begin PBXCopyFilesBuildPhase section */
		357554741E481AD1005A0755 /* Embed Frameworks */ = {
			isa = PBXCopyFilesBuildPhase;
			buildActionMask = 2147483647;
			dstPath = "";
			dstSubfolderSpec = 10;
			files = (
				3575547A1E481AFC005A0755 /* SnapKit.framework in Embed Frameworks */,
				357554711E481AD1005A0755 /* ZYBase.framework in Embed Frameworks */,
				3575547E1E481B01005A0755 /* Kingfisher.framework in Embed Frameworks */,
				357554761E481AF7005A0755 /* Alamofire.framework in Embed Frameworks */,
			);
			name = "Embed Frameworks";
			runOnlyForDeploymentPostprocessing = 0;
		};
/* End PBXCopyFilesBuildPhase section */

/* Begin PBXFileReference section */
		042E115D1EBC570E00CB5944 /* MJRefreshAutoFooter.h */ = {isa = PBXFileReference; fileEncoding = 4; lastKnownFileType = sourcecode.c.h; path = MJRefreshAutoFooter.h; sourceTree = "<group>"; };
		042E115E1EBC570E00CB5944 /* MJRefreshAutoFooter.m */ = {isa = PBXFileReference; fileEncoding = 4; lastKnownFileType = sourcecode.c.objc; path = MJRefreshAutoFooter.m; sourceTree = "<group>"; };
		042E115F1EBC570E00CB5944 /* MJRefreshBackFooter.h */ = {isa = PBXFileReference; fileEncoding = 4; lastKnownFileType = sourcecode.c.h; path = MJRefreshBackFooter.h; sourceTree = "<group>"; };
		042E11601EBC570E00CB5944 /* MJRefreshBackFooter.m */ = {isa = PBXFileReference; fileEncoding = 4; lastKnownFileType = sourcecode.c.objc; path = MJRefreshBackFooter.m; sourceTree = "<group>"; };
		042E11611EBC570E00CB5944 /* MJRefreshComponent.h */ = {isa = PBXFileReference; fileEncoding = 4; lastKnownFileType = sourcecode.c.h; path = MJRefreshComponent.h; sourceTree = "<group>"; };
		042E11621EBC570E00CB5944 /* MJRefreshComponent.m */ = {isa = PBXFileReference; fileEncoding = 4; lastKnownFileType = sourcecode.c.objc; path = MJRefreshComponent.m; sourceTree = "<group>"; };
		042E11631EBC570E00CB5944 /* MJRefreshFooter.h */ = {isa = PBXFileReference; fileEncoding = 4; lastKnownFileType = sourcecode.c.h; path = MJRefreshFooter.h; sourceTree = "<group>"; };
		042E11641EBC570E00CB5944 /* MJRefreshFooter.m */ = {isa = PBXFileReference; fileEncoding = 4; lastKnownFileType = sourcecode.c.objc; path = MJRefreshFooter.m; sourceTree = "<group>"; };
		042E11651EBC570E00CB5944 /* MJRefreshHeader.h */ = {isa = PBXFileReference; fileEncoding = 4; lastKnownFileType = sourcecode.c.h; path = MJRefreshHeader.h; sourceTree = "<group>"; };
		042E11661EBC570E00CB5944 /* MJRefreshHeader.m */ = {isa = PBXFileReference; fileEncoding = 4; lastKnownFileType = sourcecode.c.objc; path = MJRefreshHeader.m; sourceTree = "<group>"; };
		042E116A1EBC570E00CB5944 /* MJRefreshAutoGifFooter.h */ = {isa = PBXFileReference; fileEncoding = 4; lastKnownFileType = sourcecode.c.h; path = MJRefreshAutoGifFooter.h; sourceTree = "<group>"; };
		042E116B1EBC570E00CB5944 /* MJRefreshAutoGifFooter.m */ = {isa = PBXFileReference; fileEncoding = 4; lastKnownFileType = sourcecode.c.objc; path = MJRefreshAutoGifFooter.m; sourceTree = "<group>"; };
		042E116C1EBC570E00CB5944 /* MJRefreshAutoNormalFooter.h */ = {isa = PBXFileReference; fileEncoding = 4; lastKnownFileType = sourcecode.c.h; path = MJRefreshAutoNormalFooter.h; sourceTree = "<group>"; };
		042E116D1EBC570E00CB5944 /* MJRefreshAutoNormalFooter.m */ = {isa = PBXFileReference; fileEncoding = 4; lastKnownFileType = sourcecode.c.objc; path = MJRefreshAutoNormalFooter.m; sourceTree = "<group>"; };
		042E116E1EBC570E00CB5944 /* MJRefreshAutoStateFooter.h */ = {isa = PBXFileReference; fileEncoding = 4; lastKnownFileType = sourcecode.c.h; path = MJRefreshAutoStateFooter.h; sourceTree = "<group>"; };
		042E116F1EBC570E00CB5944 /* MJRefreshAutoStateFooter.m */ = {isa = PBXFileReference; fileEncoding = 4; lastKnownFileType = sourcecode.c.objc; path = MJRefreshAutoStateFooter.m; sourceTree = "<group>"; };
		042E11711EBC570E00CB5944 /* MJRefreshBackGifFooter.h */ = {isa = PBXFileReference; fileEncoding = 4; lastKnownFileType = sourcecode.c.h; path = MJRefreshBackGifFooter.h; sourceTree = "<group>"; };
		042E11721EBC570E00CB5944 /* MJRefreshBackGifFooter.m */ = {isa = PBXFileReference; fileEncoding = 4; lastKnownFileType = sourcecode.c.objc; path = MJRefreshBackGifFooter.m; sourceTree = "<group>"; };
		042E11731EBC570E00CB5944 /* MJRefreshBackNormalFooter.h */ = {isa = PBXFileReference; fileEncoding = 4; lastKnownFileType = sourcecode.c.h; path = MJRefreshBackNormalFooter.h; sourceTree = "<group>"; };
		042E11741EBC570E00CB5944 /* MJRefreshBackNormalFooter.m */ = {isa = PBXFileReference; fileEncoding = 4; lastKnownFileType = sourcecode.c.objc; path = MJRefreshBackNormalFooter.m; sourceTree = "<group>"; };
		042E11751EBC570E00CB5944 /* MJRefreshBackStateFooter.h */ = {isa = PBXFileReference; fileEncoding = 4; lastKnownFileType = sourcecode.c.h; path = MJRefreshBackStateFooter.h; sourceTree = "<group>"; };
		042E11761EBC570E00CB5944 /* MJRefreshBackStateFooter.m */ = {isa = PBXFileReference; fileEncoding = 4; lastKnownFileType = sourcecode.c.objc; path = MJRefreshBackStateFooter.m; sourceTree = "<group>"; };
		042E11781EBC570E00CB5944 /* MJRefreshGifHeader.h */ = {isa = PBXFileReference; fileEncoding = 4; lastKnownFileType = sourcecode.c.h; path = MJRefreshGifHeader.h; sourceTree = "<group>"; };
		042E11791EBC570E00CB5944 /* MJRefreshGifHeader.m */ = {isa = PBXFileReference; fileEncoding = 4; lastKnownFileType = sourcecode.c.objc; path = MJRefreshGifHeader.m; sourceTree = "<group>"; };
		042E117A1EBC570E00CB5944 /* MJRefreshNormalHeader.h */ = {isa = PBXFileReference; fileEncoding = 4; lastKnownFileType = sourcecode.c.h; path = MJRefreshNormalHeader.h; sourceTree = "<group>"; };
		042E117B1EBC570E00CB5944 /* MJRefreshNormalHeader.m */ = {isa = PBXFileReference; fileEncoding = 4; lastKnownFileType = sourcecode.c.objc; path = MJRefreshNormalHeader.m; sourceTree = "<group>"; };
		042E117C1EBC570E00CB5944 /* MJRefreshStateHeader.h */ = {isa = PBXFileReference; fileEncoding = 4; lastKnownFileType = sourcecode.c.h; path = MJRefreshStateHeader.h; sourceTree = "<group>"; };
		042E117D1EBC570E00CB5944 /* MJRefreshStateHeader.m */ = {isa = PBXFileReference; fileEncoding = 4; lastKnownFileType = sourcecode.c.objc; path = MJRefreshStateHeader.m; sourceTree = "<group>"; };
		042E117E1EBC570E00CB5944 /* MJRefresh.bundle */ = {isa = PBXFileReference; lastKnownFileType = "wrapper.plug-in"; path = MJRefresh.bundle; sourceTree = "<group>"; };
		042E117F1EBC570E00CB5944 /* MJRefresh.h */ = {isa = PBXFileReference; fileEncoding = 4; lastKnownFileType = sourcecode.c.h; path = MJRefresh.h; sourceTree = "<group>"; };
		042E11801EBC570E00CB5944 /* MJRefreshConst.h */ = {isa = PBXFileReference; fileEncoding = 4; lastKnownFileType = sourcecode.c.h; path = MJRefreshConst.h; sourceTree = "<group>"; };
		042E11811EBC570E00CB5944 /* MJRefreshConst.m */ = {isa = PBXFileReference; fileEncoding = 4; lastKnownFileType = sourcecode.c.objc; path = MJRefreshConst.m; sourceTree = "<group>"; };
		042E11821EBC570E00CB5944 /* NSBundle+MJRefresh.h */ = {isa = PBXFileReference; fileEncoding = 4; lastKnownFileType = sourcecode.c.h; path = "NSBundle+MJRefresh.h"; sourceTree = "<group>"; };
		042E11831EBC570E00CB5944 /* NSBundle+MJRefresh.m */ = {isa = PBXFileReference; fileEncoding = 4; lastKnownFileType = sourcecode.c.objc; path = "NSBundle+MJRefresh.m"; sourceTree = "<group>"; };
		042E11841EBC570E00CB5944 /* UIScrollView+MJExtension.h */ = {isa = PBXFileReference; fileEncoding = 4; lastKnownFileType = sourcecode.c.h; path = "UIScrollView+MJExtension.h"; sourceTree = "<group>"; };
		042E11851EBC570E00CB5944 /* UIScrollView+MJExtension.m */ = {isa = PBXFileReference; fileEncoding = 4; lastKnownFileType = sourcecode.c.objc; path = "UIScrollView+MJExtension.m"; sourceTree = "<group>"; };
		042E11861EBC570E00CB5944 /* UIScrollView+MJRefresh.h */ = {isa = PBXFileReference; fileEncoding = 4; lastKnownFileType = sourcecode.c.h; path = "UIScrollView+MJRefresh.h"; sourceTree = "<group>"; };
		042E11871EBC570E00CB5944 /* UIScrollView+MJRefresh.m */ = {isa = PBXFileReference; fileEncoding = 4; lastKnownFileType = sourcecode.c.objc; path = "UIScrollView+MJRefresh.m"; sourceTree = "<group>"; };
		042E11881EBC570E00CB5944 /* UIView+MJExtension.h */ = {isa = PBXFileReference; fileEncoding = 4; lastKnownFileType = sourcecode.c.h; path = "UIView+MJExtension.h"; sourceTree = "<group>"; };
		042E11891EBC570E00CB5944 /* UIView+MJExtension.m */ = {isa = PBXFileReference; fileEncoding = 4; lastKnownFileType = sourcecode.c.objc; path = "UIView+MJExtension.m"; sourceTree = "<group>"; };
		042E11B21EBC59AE00CB5944 /* BaseTabVC.swift */ = {isa = PBXFileReference; fileEncoding = 4; lastKnownFileType = sourcecode.swift; path = BaseTabVC.swift; sourceTree = "<group>"; };
		0446B3471ED6CBBB00515043 /* ZYChineseSort.h */ = {isa = PBXFileReference; fileEncoding = 4; lastKnownFileType = sourcecode.c.h; path = ZYChineseSort.h; sourceTree = "<group>"; };
		0446B3481ED6CBBB00515043 /* ZYChineseSort.m */ = {isa = PBXFileReference; fileEncoding = 4; lastKnownFileType = sourcecode.c.objc; path = ZYChineseSort.m; sourceTree = "<group>"; };
		0447EA731E98E21200D32E19 /* BallPool.html */ = {isa = PBXFileReference; fileEncoding = 4; lastKnownFileType = text.html; path = BallPool.html; sourceTree = "<group>"; };
		0447EA741E98E21200D32E19 /* box2d.js */ = {isa = PBXFileReference; fileEncoding = 4; lastKnownFileType = sourcecode.javascript; path = box2d.js; sourceTree = "<group>"; };
		0447EA751E98E21200D32E19 /* ga.js */ = {isa = PBXFileReference; fileEncoding = 4; lastKnownFileType = sourcecode.javascript; path = ga.js; sourceTree = "<group>"; };
		0447EA761E98E21200D32E19 /* Main.js */ = {isa = PBXFileReference; fileEncoding = 4; lastKnownFileType = sourcecode.javascript; path = Main.js; sourceTree = "<group>"; };
		0447EA771E98E21200D32E19 /* protoclass.js */ = {isa = PBXFileReference; fileEncoding = 4; lastKnownFileType = sourcecode.javascript; path = protoclass.js; sourceTree = "<group>"; };
		046EE1DC1EC449990045976F /* HMSegmentedControl.h */ = {isa = PBXFileReference; fileEncoding = 4; lastKnownFileType = sourcecode.c.h; path = HMSegmentedControl.h; sourceTree = "<group>"; };
		046EE1DD1EC449990045976F /* HMSegmentedControl.m */ = {isa = PBXFileReference; fileEncoding = 4; lastKnownFileType = sourcecode.c.objc; path = HMSegmentedControl.m; sourceTree = "<group>"; };
		046EE1E31EC44AB80045976F /* HMSegmentVC.swift */ = {isa = PBXFileReference; fileEncoding = 4; lastKnownFileType = sourcecode.swift; path = HMSegmentVC.swift; sourceTree = "<group>"; };
		047E4A6E1EC0424C000B9356 /* NSObject+Property.h */ = {isa = PBXFileReference; fileEncoding = 4; lastKnownFileType = sourcecode.c.h; path = "NSObject+Property.h"; sourceTree = "<group>"; };
		047E4A6F1EC0424C000B9356 /* NSObject+Property.m */ = {isa = PBXFileReference; fileEncoding = 4; lastKnownFileType = sourcecode.c.objc; path = "NSObject+Property.m"; sourceTree = "<group>"; };
		047E4A721EC04A2F000B9356 /* NSObject+Swizzling.h */ = {isa = PBXFileReference; fileEncoding = 4; lastKnownFileType = sourcecode.c.h; path = "NSObject+Swizzling.h"; sourceTree = "<group>"; };
		047E4A731EC04A2F000B9356 /* NSObject+Swizzling.m */ = {isa = PBXFileReference; fileEncoding = 4; lastKnownFileType = sourcecode.c.objc; path = "NSObject+Swizzling.m"; sourceTree = "<group>"; };
		047E4A761EC04A53000B9356 /* UINavigationController+SGProgress.h */ = {isa = PBXFileReference; fileEncoding = 4; lastKnownFileType = sourcecode.c.h; path = "UINavigationController+SGProgress.h"; sourceTree = "<group>"; };
		047E4A771EC04A53000B9356 /* UINavigationController+SGProgress.m */ = {isa = PBXFileReference; fileEncoding = 4; lastKnownFileType = sourcecode.c.objc; path = "UINavigationController+SGProgress.m"; sourceTree = "<group>"; };
		047E4A7E1EC04A7A000B9356 /* UISearchBar+PlaceholderAlignment.m */ = {isa = PBXFileReference; fileEncoding = 4; lastKnownFileType = sourcecode.c.objc; path = "UISearchBar+PlaceholderAlignment.m"; sourceTree = "<group>"; };
		047E4A7F1EC04A7A000B9356 /* UISearchBar+PlaceholderAlignment.h */ = {isa = PBXFileReference; fileEncoding = 4; lastKnownFileType = sourcecode.c.h; path = "UISearchBar+PlaceholderAlignment.h"; sourceTree = "<group>"; };
		047E4A861EC04B61000B9356 /* UITableView+CacheCellHeight.swift */ = {isa = PBXFileReference; fileEncoding = 4; lastKnownFileType = sourcecode.swift; path = "UITableView+CacheCellHeight.swift"; sourceTree = "<group>"; };
		047E4A871EC04B61000B9356 /* UITableViewCell+AutoCellHeight.swift */ = {isa = PBXFileReference; fileEncoding = 4; lastKnownFileType = sourcecode.swift; path = "UITableViewCell+AutoCellHeight.swift"; sourceTree = "<group>"; };
		047E4A8B1EC051F9000B9356 /* UIView+CustomeAlert.swift */ = {isa = PBXFileReference; fileEncoding = 4; lastKnownFileType = sourcecode.swift; path = "UIView+CustomeAlert.swift"; sourceTree = "<group>"; };
		047E4A8D1EC05519000B9356 /* BaseWebVC.swift */ = {isa = PBXFileReference; fileEncoding = 4; lastKnownFileType = sourcecode.swift; path = BaseWebVC.swift; sourceTree = "<group>"; };
		0489FF141EBD54EB00931E88 /* BaseSearchVC.swift */ = {isa = PBXFileReference; fileEncoding = 4; lastKnownFileType = sourcecode.swift; path = BaseSearchVC.swift; sourceTree = "<group>"; };
		0489FF281EBDCC0400931E88 /* MBProgressHUD.h */ = {isa = PBXFileReference; fileEncoding = 4; lastKnownFileType = sourcecode.c.h; path = MBProgressHUD.h; sourceTree = "<group>"; };
		0489FF291EBDCC0400931E88 /* MBProgressHUD.m */ = {isa = PBXFileReference; fileEncoding = 4; lastKnownFileType = sourcecode.c.objc; path = MBProgressHUD.m; sourceTree = "<group>"; };
		049CC25B1F19C8A00050C126 /* UIScrollView+EmptyDataSet.h */ = {isa = PBXFileReference; fileEncoding = 4; lastKnownFileType = sourcecode.c.h; path = "UIScrollView+EmptyDataSet.h"; sourceTree = "<group>"; };
		049CC25C1F19C8A00050C126 /* UIScrollView+EmptyDataSet.m */ = {isa = PBXFileReference; fileEncoding = 4; lastKnownFileType = sourcecode.c.objc; path = "UIScrollView+EmptyDataSet.m"; sourceTree = "<group>"; };
		049CC2601F19FCE70050C126 /* Reachability.h */ = {isa = PBXFileReference; fileEncoding = 4; lastKnownFileType = sourcecode.c.h; path = Reachability.h; sourceTree = "<group>"; };
		049CC2611F19FCE70050C126 /* Reachability.m */ = {isa = PBXFileReference; fileEncoding = 4; lastKnownFileType = sourcecode.c.objc; path = Reachability.m; sourceTree = "<group>"; };
		049CC2661F19FF230050C126 /* SystemConfiguration.framework */ = {isa = PBXFileReference; lastKnownFileType = wrapper.framework; name = SystemConfiguration.framework; path = System/Library/Frameworks/SystemConfiguration.framework; sourceTree = SDKROOT; };
		350D47E11E652997001B0C77 /* WebVC.swift */ = {isa = PBXFileReference; fileEncoding = 4; lastKnownFileType = sourcecode.swift; path = WebVC.swift; sourceTree = "<group>"; };
		350D47E91E657F80001B0C77 /* index.html */ = {isa = PBXFileReference; fileEncoding = 4; lastKnownFileType = text.html; path = index.html; sourceTree = "<group>"; };
		356F35641E6949650068D121 /* CodeScan.bundle */ = {isa = PBXFileReference; lastKnownFileType = "wrapper.plug-in"; path = CodeScan.bundle; sourceTree = "<group>"; };
		356F35661E6971720068D121 /* ScanResultVC.swift */ = {isa = PBXFileReference; fileEncoding = 4; lastKnownFileType = sourcecode.swift; path = ScanResultVC.swift; sourceTree = "<group>"; };
		357301AC1E6E871900976932 /* QQScanVC.swift */ = {isa = PBXFileReference; fileEncoding = 4; lastKnownFileType = sourcecode.swift; path = QQScanVC.swift; sourceTree = "<group>"; };
		35741CDA1E6FD9DA00589C51 /* BaseDemoVC.swift */ = {isa = PBXFileReference; fileEncoding = 4; lastKnownFileType = sourcecode.swift; path = BaseDemoVC.swift; sourceTree = "<group>"; };
		357553211E4817C5005A0755 /* ZYBase.framework */ = {isa = PBXFileReference; explicitFileType = wrapper.framework; includeInIndex = 0; path = ZYBase.framework; sourceTree = BUILT_PRODUCTS_DIR; };
		357553241E4817C5005A0755 /* ZYBase.h */ = {isa = PBXFileReference; lastKnownFileType = sourcecode.c.h; path = ZYBase.h; sourceTree = "<group>"; };
		357553251E4817C5005A0755 /* Info.plist */ = {isa = PBXFileReference; lastKnownFileType = text.plist.xml; path = Info.plist; sourceTree = "<group>"; };
		3575532E1E481803005A0755 /* BaseSetting.swift */ = {isa = PBXFileReference; fileEncoding = 4; lastKnownFileType = sourcecode.swift; path = BaseSetting.swift; sourceTree = "<group>"; };
		3575532F1E481803005A0755 /* BaseUI.swift */ = {isa = PBXFileReference; fileEncoding = 4; lastKnownFileType = sourcecode.swift; path = BaseUI.swift; sourceTree = "<group>"; };
		357553301E481803005A0755 /* BaseVC.swift */ = {isa = PBXFileReference; fileEncoding = 4; lastKnownFileType = sourcecode.swift; path = BaseVC.swift; sourceTree = "<group>"; };
		357553311E481803005A0755 /* RootManager.swift */ = {isa = PBXFileReference; fileEncoding = 4; lastKnownFileType = sourcecode.swift; path = RootManager.swift; sourceTree = "<group>"; };
		357553341E481803005A0755 /* Alamofire.xcodeproj */ = {isa = PBXFileReference; lastKnownFileType = "wrapper.pb-project"; path = Alamofire.xcodeproj; sourceTree = "<group>"; };
		3575534D1E481803005A0755 /* Kingfisher.xcodeproj */ = {isa = PBXFileReference; lastKnownFileType = "wrapper.pb-project"; path = Kingfisher.xcodeproj; sourceTree = "<group>"; };
		3575536B1E481803005A0755 /* LBXPermissions.swift */ = {isa = PBXFileReference; fileEncoding = 4; lastKnownFileType = sourcecode.swift; path = LBXPermissions.swift; sourceTree = "<group>"; };
		3575536C1E481803005A0755 /* LBXScanLineAnimation.swift */ = {isa = PBXFileReference; fileEncoding = 4; lastKnownFileType = sourcecode.swift; path = LBXScanLineAnimation.swift; sourceTree = "<group>"; };
		3575536D1E481803005A0755 /* LBXScanNetAnimation.swift */ = {isa = PBXFileReference; fileEncoding = 4; lastKnownFileType = sourcecode.swift; path = LBXScanNetAnimation.swift; sourceTree = "<group>"; };
		3575536E1E481803005A0755 /* LBXScanView.swift */ = {isa = PBXFileReference; fileEncoding = 4; lastKnownFileType = sourcecode.swift; path = LBXScanView.swift; sourceTree = "<group>"; };
		3575536F1E481803005A0755 /* LBXScanViewController.swift */ = {isa = PBXFileReference; fileEncoding = 4; lastKnownFileType = sourcecode.swift; path = LBXScanViewController.swift; sourceTree = "<group>"; };
		357553701E481803005A0755 /* LBXScanViewStyle.swift */ = {isa = PBXFileReference; fileEncoding = 4; lastKnownFileType = sourcecode.swift; path = LBXScanViewStyle.swift; sourceTree = "<group>"; };
		357553711E481803005A0755 /* LBXScanWrapper.swift */ = {isa = PBXFileReference; fileEncoding = 4; lastKnownFileType = sourcecode.swift; path = LBXScanWrapper.swift; sourceTree = "<group>"; };
		357553731E481803005A0755 /* SnapKit.xcodeproj */ = {isa = PBXFileReference; lastKnownFileType = "wrapper.pb-project"; path = SnapKit.xcodeproj; sourceTree = "<group>"; };
		3575539B1E481804005A0755 /* SwiftyJSON.swift */ = {isa = PBXFileReference; fileEncoding = 4; lastKnownFileType = sourcecode.swift; path = SwiftyJSON.swift; sourceTree = "<group>"; };
		3575539D1E481804005A0755 /* TTTAttributedLabel.h */ = {isa = PBXFileReference; fileEncoding = 4; lastKnownFileType = sourcecode.c.h; path = TTTAttributedLabel.h; sourceTree = "<group>"; };
		3575539E1E481804005A0755 /* TTTAttributedLabel.m */ = {isa = PBXFileReference; fileEncoding = 4; lastKnownFileType = sourcecode.c.objc; path = TTTAttributedLabel.m; sourceTree = "<group>"; };
		357553A11E481804005A0755 /* ZYBadgeView.h */ = {isa = PBXFileReference; fileEncoding = 4; lastKnownFileType = sourcecode.c.h; path = ZYBadgeView.h; sourceTree = "<group>"; };
		357553A21E481804005A0755 /* ZYBadgeView.m */ = {isa = PBXFileReference; fileEncoding = 4; lastKnownFileType = sourcecode.c.objc; path = ZYBadgeView.m; sourceTree = "<group>"; };
		357553A41E481804005A0755 /* UIWindow+ZYUitily.h */ = {isa = PBXFileReference; fileEncoding = 4; lastKnownFileType = sourcecode.c.h; path = "UIWindow+ZYUitily.h"; sourceTree = "<group>"; };
		357553A51E481804005A0755 /* UIWindow+ZYUitily.m */ = {isa = PBXFileReference; fileEncoding = 4; lastKnownFileType = sourcecode.c.objc; path = "UIWindow+ZYUitily.m"; sourceTree = "<group>"; };
		357553A61E481804005A0755 /* ZYAlertVC.h */ = {isa = PBXFileReference; fileEncoding = 4; lastKnownFileType = sourcecode.c.h; path = ZYAlertVC.h; sourceTree = "<group>"; };
		357553A71E481804005A0755 /* ZYAlertVC.m */ = {isa = PBXFileReference; fileEncoding = 4; lastKnownFileType = sourcecode.c.objc; path = ZYAlertVC.m; sourceTree = "<group>"; };
		357553A81E481804005A0755 /* ZYAlertView.h */ = {isa = PBXFileReference; fileEncoding = 4; lastKnownFileType = sourcecode.c.h; path = ZYAlertView.h; sourceTree = "<group>"; };
		357553A91E481804005A0755 /* ZYAlertView.m */ = {isa = PBXFileReference; fileEncoding = 4; lastKnownFileType = sourcecode.c.objc; path = ZYAlertView.m; sourceTree = "<group>"; };
		357553AA1E481804005A0755 /* ZYAlertWindow.h */ = {isa = PBXFileReference; fileEncoding = 4; lastKnownFileType = sourcecode.c.h; path = ZYAlertWindow.h; sourceTree = "<group>"; };
		357553AB1E481804005A0755 /* ZYAlertWindow.m */ = {isa = PBXFileReference; fileEncoding = 4; lastKnownFileType = sourcecode.c.objc; path = ZYAlertWindow.m; sourceTree = "<group>"; };
		357553AD1E481804005A0755 /* ZYFileManager.h */ = {isa = PBXFileReference; fileEncoding = 4; lastKnownFileType = sourcecode.c.h; path = ZYFileManager.h; sourceTree = "<group>"; };
		357553AE1E481804005A0755 /* ZYFileManager.m */ = {isa = PBXFileReference; fileEncoding = 4; lastKnownFileType = sourcecode.c.objc; path = ZYFileManager.m; sourceTree = "<group>"; };
		357553B01E481804005A0755 /* ZYRootModel.swift */ = {isa = PBXFileReference; fileEncoding = 4; lastKnownFileType = sourcecode.swift; path = ZYRootModel.swift; sourceTree = "<group>"; };
		357553B21E481804005A0755 /* ZYNetWork.swift */ = {isa = PBXFileReference; fileEncoding = 4; lastKnownFileType = sourcecode.swift; path = ZYNetWork.swift; sourceTree = "<group>"; };
		3575542F1E4818B7005A0755 /* ZYBaseDemo.app */ = {isa = PBXFileReference; explicitFileType = wrapper.application; includeInIndex = 0; path = ZYBaseDemo.app; sourceTree = BUILT_PRODUCTS_DIR; };
		357554311E4818B7005A0755 /* AppDelegate.swift */ = {isa = PBXFileReference; lastKnownFileType = sourcecode.swift; path = AppDelegate.swift; sourceTree = "<group>"; };
		357554331E4818B7005A0755 /* DemoVC.swift */ = {isa = PBXFileReference; lastKnownFileType = sourcecode.swift; path = DemoVC.swift; sourceTree = "<group>"; };
		357554361E4818B7005A0755 /* Base */ = {isa = PBXFileReference; lastKnownFileType = file.storyboard; name = Base; path = Base.lproj/Main.storyboard; sourceTree = "<group>"; };
		357554381E4818B7005A0755 /* Assets.xcassets */ = {isa = PBXFileReference; lastKnownFileType = folder.assetcatalog; path = Assets.xcassets; sourceTree = "<group>"; };
		3575543B1E4818B7005A0755 /* Base */ = {isa = PBXFileReference; lastKnownFileType = file.storyboard; name = Base; path = Base.lproj/LaunchScreen.storyboard; sourceTree = "<group>"; };
		3575543D1E4818B7005A0755 /* Info.plist */ = {isa = PBXFileReference; lastKnownFileType = text.plist.xml; path = Info.plist; sourceTree = "<group>"; };
		357554551E48194A005A0755 /* ChatModel.swift */ = {isa = PBXFileReference; fileEncoding = 4; lastKnownFileType = sourcecode.swift; path = ChatModel.swift; sourceTree = "<group>"; };
		357554561E48194A005A0755 /* MyQRCodeViewController.swift */ = {isa = PBXFileReference; fileEncoding = 4; lastKnownFileType = sourcecode.swift; name = MyQRCodeViewController.swift; path = ../MyQRCodeViewController.swift; sourceTree = "<group>"; };
		357554581E48194A005A0755 /* TestAlertView.swift */ = {isa = PBXFileReference; fileEncoding = 4; lastKnownFileType = sourcecode.swift; path = TestAlertView.swift; sourceTree = "<group>"; };
		357554591E48194A005A0755 /* TestModel.swift */ = {isa = PBXFileReference; fileEncoding = 4; lastKnownFileType = sourcecode.swift; path = TestModel.swift; sourceTree = "<group>"; };
		3575545A1E48194A005A0755 /* TestTableViewCell.swift */ = {isa = PBXFileReference; fileEncoding = 4; lastKnownFileType = sourcecode.swift; path = TestTableViewCell.swift; sourceTree = "<group>"; };
		3575545B1E48194A005A0755 /* SetVC.swift */ = {isa = PBXFileReference; fileEncoding = 4; lastKnownFileType = sourcecode.swift; path = SetVC.swift; sourceTree = "<group>"; };
		3575545C1E48194A005A0755 /* BrowserVC.swift */ = {isa = PBXFileReference; fileEncoding = 4; lastKnownFileType = sourcecode.swift; name = BrowserVC.swift; path = ../BrowserVC.swift; sourceTree = "<group>"; };
		3575545F1E48194A005A0755 /* ZYBaseDemo-Bridging-Header.h */ = {isa = PBXFileReference; fileEncoding = 4; lastKnownFileType = sourcecode.c.h; path = "ZYBaseDemo-Bridging-Header.h"; sourceTree = "<group>"; };
		357805461E67B2AD007AB282 /* ZYCustomActionSheet.swift */ = {isa = PBXFileReference; fileEncoding = 4; lastKnownFileType = sourcecode.swift; path = ZYCustomActionSheet.swift; sourceTree = "<group>"; };
		3578F80D1E60220D0003E21E /* BadgeNumberVC.swift */ = {isa = PBXFileReference; fileEncoding = 4; lastKnownFileType = sourcecode.swift; path = BadgeNumberVC.swift; sourceTree = "<group>"; };
		3578F80F1E6023040003E21E /* CustomAlertVC.swift */ = {isa = PBXFileReference; fileEncoding = 4; lastKnownFileType = sourcecode.swift; path = CustomAlertVC.swift; sourceTree = "<group>"; };
		3578F8111E6023120003E21E /* ScanVC.swift */ = {isa = PBXFileReference; fileEncoding = 4; lastKnownFileType = sourcecode.swift; path = ScanVC.swift; sourceTree = "<group>"; };
		3578F8131E6023280003E21E /* AutoCellHightVC.swift */ = {isa = PBXFileReference; fileEncoding = 4; lastKnownFileType = sourcecode.swift; path = AutoCellHightVC.swift; sourceTree = "<group>"; };
		3578F8151E6023500003E21E /* AorKDemoVC.swift */ = {isa = PBXFileReference; fileEncoding = 4; lastKnownFileType = sourcecode.swift; path = AorKDemoVC.swift; sourceTree = "<group>"; };
		3578F8171E6023650003E21E /* WKWebVC.swift */ = {isa = PBXFileReference; fileEncoding = 4; lastKnownFileType = sourcecode.swift; path = WKWebVC.swift; sourceTree = "<group>"; };
		359261221E6910E40082575E /* backbutton.png */ = {isa = PBXFileReference; lastKnownFileType = image.png; path = backbutton.png; sourceTree = "<group>"; };
		359261231E6910E40082575E /* backbutton@2x.png */ = {isa = PBXFileReference; lastKnownFileType = image.png; path = "backbutton@2x.png"; sourceTree = "<group>"; };
		359261241E6910E40082575E /* backbutton@3x.png */ = {isa = PBXFileReference; lastKnownFileType = image.png; path = "backbutton@3x.png"; sourceTree = "<group>"; };
		359261251E6910E40082575E /* forwardbutton.png */ = {isa = PBXFileReference; lastKnownFileType = image.png; path = forwardbutton.png; sourceTree = "<group>"; };
		359261261E6910E40082575E /* forwardbutton@2x.png */ = {isa = PBXFileReference; lastKnownFileType = image.png; path = "forwardbutton@2x.png"; sourceTree = "<group>"; };
		359261271E6910E40082575E /* forwardbutton@3x.png */ = {isa = PBXFileReference; lastKnownFileType = image.png; path = "forwardbutton@3x.png"; sourceTree = "<group>"; };
		359261281E6910E40082575E /* KINWebBrowserViewController.h */ = {isa = PBXFileReference; fileEncoding = 4; lastKnownFileType = sourcecode.c.h; path = KINWebBrowserViewController.h; sourceTree = "<group>"; };
		359261291E6910E40082575E /* KINWebBrowserViewController.m */ = {isa = PBXFileReference; fileEncoding = 4; lastKnownFileType = sourcecode.c.objc; path = KINWebBrowserViewController.m; sourceTree = "<group>"; };
		3593596E1E66772100316A58 /* ZYCustomSelectAlert.swift */ = {isa = PBXFileReference; fileEncoding = 4; lastKnownFileType = sourcecode.swift; path = ZYCustomSelectAlert.swift; sourceTree = "<group>"; };
		359359701E669F0200316A58 /* ZYCustomActionAlert.swift */ = {isa = PBXFileReference; fileEncoding = 4; lastKnownFileType = sourcecode.swift; path = ZYCustomActionAlert.swift; sourceTree = "<group>"; };
/* End PBXFileReference section */

/* Begin PBXFrameworksBuildPhase section */
		3575531D1E4817C5005A0755 /* Frameworks */ = {
			isa = PBXFrameworksBuildPhase;
			buildActionMask = 2147483647;
			files = (
				049CC2671F19FF230050C126 /* SystemConfiguration.framework in Frameworks */,
			);
			runOnlyForDeploymentPostprocessing = 0;
		};
		3575542C1E4818B7005A0755 /* Frameworks */ = {
			isa = PBXFrameworksBuildPhase;
			buildActionMask = 2147483647;
			files = (
				357554791E481AFC005A0755 /* SnapKit.framework in Frameworks */,
				357554701E481AD1005A0755 /* ZYBase.framework in Frameworks */,
				3575547D1E481B01005A0755 /* Kingfisher.framework in Frameworks */,
				357554751E481AF7005A0755 /* Alamofire.framework in Frameworks */,
			);
			runOnlyForDeploymentPostprocessing = 0;
		};
/* End PBXFrameworksBuildPhase section */

/* Begin PBXGroup section */
		042E11591EBC568700CB5944 /* MJRefresh */ = {
			isa = PBXGroup;
			children = (
				042E115C1EBC570E00CB5944 /* Base */,
				042E11671EBC570E00CB5944 /* Custom */,
				042E117E1EBC570E00CB5944 /* MJRefresh.bundle */,
				042E117F1EBC570E00CB5944 /* MJRefresh.h */,
				042E11801EBC570E00CB5944 /* MJRefreshConst.h */,
				042E11811EBC570E00CB5944 /* MJRefreshConst.m */,
				042E11821EBC570E00CB5944 /* NSBundle+MJRefresh.h */,
				042E11831EBC570E00CB5944 /* NSBundle+MJRefresh.m */,
				042E11841EBC570E00CB5944 /* UIScrollView+MJExtension.h */,
				042E11851EBC570E00CB5944 /* UIScrollView+MJExtension.m */,
				042E11861EBC570E00CB5944 /* UIScrollView+MJRefresh.h */,
				042E11871EBC570E00CB5944 /* UIScrollView+MJRefresh.m */,
				042E11881EBC570E00CB5944 /* UIView+MJExtension.h */,
				042E11891EBC570E00CB5944 /* UIView+MJExtension.m */,
			);
			path = MJRefresh;
			sourceTree = "<group>";
		};
		042E115C1EBC570E00CB5944 /* Base */ = {
			isa = PBXGroup;
			children = (
				042E115D1EBC570E00CB5944 /* MJRefreshAutoFooter.h */,
				042E115E1EBC570E00CB5944 /* MJRefreshAutoFooter.m */,
				042E115F1EBC570E00CB5944 /* MJRefreshBackFooter.h */,
				042E11601EBC570E00CB5944 /* MJRefreshBackFooter.m */,
				042E11611EBC570E00CB5944 /* MJRefreshComponent.h */,
				042E11621EBC570E00CB5944 /* MJRefreshComponent.m */,
				042E11631EBC570E00CB5944 /* MJRefreshFooter.h */,
				042E11641EBC570E00CB5944 /* MJRefreshFooter.m */,
				042E11651EBC570E00CB5944 /* MJRefreshHeader.h */,
				042E11661EBC570E00CB5944 /* MJRefreshHeader.m */,
			);
			path = Base;
			sourceTree = "<group>";
		};
		042E11671EBC570E00CB5944 /* Custom */ = {
			isa = PBXGroup;
			children = (
				042E11681EBC570E00CB5944 /* Footer */,
				042E11771EBC570E00CB5944 /* Header */,
			);
			path = Custom;
			sourceTree = "<group>";
		};
		042E11681EBC570E00CB5944 /* Footer */ = {
			isa = PBXGroup;
			children = (
				042E11691EBC570E00CB5944 /* Auto */,
				042E11701EBC570E00CB5944 /* Back */,
			);
			path = Footer;
			sourceTree = "<group>";
		};
		042E11691EBC570E00CB5944 /* Auto */ = {
			isa = PBXGroup;
			children = (
				042E116A1EBC570E00CB5944 /* MJRefreshAutoGifFooter.h */,
				042E116B1EBC570E00CB5944 /* MJRefreshAutoGifFooter.m */,
				042E116C1EBC570E00CB5944 /* MJRefreshAutoNormalFooter.h */,
				042E116D1EBC570E00CB5944 /* MJRefreshAutoNormalFooter.m */,
				042E116E1EBC570E00CB5944 /* MJRefreshAutoStateFooter.h */,
				042E116F1EBC570E00CB5944 /* MJRefreshAutoStateFooter.m */,
			);
			path = Auto;
			sourceTree = "<group>";
		};
		042E11701EBC570E00CB5944 /* Back */ = {
			isa = PBXGroup;
			children = (
				042E11711EBC570E00CB5944 /* MJRefreshBackGifFooter.h */,
				042E11721EBC570E00CB5944 /* MJRefreshBackGifFooter.m */,
				042E11731EBC570E00CB5944 /* MJRefreshBackNormalFooter.h */,
				042E11741EBC570E00CB5944 /* MJRefreshBackNormalFooter.m */,
				042E11751EBC570E00CB5944 /* MJRefreshBackStateFooter.h */,
				042E11761EBC570E00CB5944 /* MJRefreshBackStateFooter.m */,
			);
			path = Back;
			sourceTree = "<group>";
		};
		042E11771EBC570E00CB5944 /* Header */ = {
			isa = PBXGroup;
			children = (
				042E11781EBC570E00CB5944 /* MJRefreshGifHeader.h */,
				042E11791EBC570E00CB5944 /* MJRefreshGifHeader.m */,
				042E117A1EBC570E00CB5944 /* MJRefreshNormalHeader.h */,
				042E117B1EBC570E00CB5944 /* MJRefreshNormalHeader.m */,
				042E117C1EBC570E00CB5944 /* MJRefreshStateHeader.h */,
				042E117D1EBC570E00CB5944 /* MJRefreshStateHeader.m */,
			);
			path = Header;
			sourceTree = "<group>";
		};
		0446B3461ED6CBBB00515043 /* ZYChineseSort */ = {
			isa = PBXGroup;
			children = (
				0446B3471ED6CBBB00515043 /* ZYChineseSort.h */,
				0446B3481ED6CBBB00515043 /* ZYChineseSort.m */,
			);
			path = ZYChineseSort;
			sourceTree = "<group>";
		};
		0447EA711E98E1F200D32E19 /* Resourece */ = {
			isa = PBXGroup;
			children = (
				0447EA721E98E21200D32E19 /* BallPool */,
			);
			path = Resourece;
			sourceTree = "<group>";
		};
		0447EA721E98E21200D32E19 /* BallPool */ = {
			isa = PBXGroup;
			children = (
				0447EA731E98E21200D32E19 /* BallPool.html */,
				0447EA741E98E21200D32E19 /* box2d.js */,
				0447EA751E98E21200D32E19 /* ga.js */,
				0447EA761E98E21200D32E19 /* Main.js */,
				0447EA771E98E21200D32E19 /* protoclass.js */,
			);
			path = BallPool;
			sourceTree = "<group>";
		};
		046EE1DB1EC449990045976F /* HMSegmentedControl */ = {
			isa = PBXGroup;
			children = (
				046EE1DC1EC449990045976F /* HMSegmentedControl.h */,
				046EE1DD1EC449990045976F /* HMSegmentedControl.m */,
			);
			path = HMSegmentedControl;
			sourceTree = "<group>";
		};
		046EE1E21EC44A690045976F /* HMSegmentDemo */ = {
			isa = PBXGroup;
			children = (
				046EE1E31EC44AB80045976F /* HMSegmentVC.swift */,
			);
			name = HMSegmentDemo;
			sourceTree = "<group>";
		};
		047E4A5E1EC010FE000B9356 /* CategoriesAndExtensions */ = {
			isa = PBXGroup;
			children = (
				047E4A851EC04B2E000B9356 /* Extensions */,
				047E4A6D1EC041BC000B9356 /* Categories */,
			);
			name = CategoriesAndExtensions;
			sourceTree = "<group>";
		};
		047E4A6D1EC041BC000B9356 /* Categories */ = {
			isa = PBXGroup;
			children = (
				049CC25A1F19C8700050C126 /* DNZEmptyDataSet */,
				047E4A821EC04A97000B9356 /* NSObject */,
				047E4A831EC04ABB000B9356 /* UINavigationController */,
				047E4A841EC04AEA000B9356 /* UISearchBar */,
			);
			path = Categories;
			sourceTree = "<group>";
		};
		047E4A821EC04A97000B9356 /* NSObject */ = {
			isa = PBXGroup;
			children = (
				047E4A721EC04A2F000B9356 /* NSObject+Swizzling.h */,
				047E4A731EC04A2F000B9356 /* NSObject+Swizzling.m */,
				047E4A6E1EC0424C000B9356 /* NSObject+Property.h */,
				047E4A6F1EC0424C000B9356 /* NSObject+Property.m */,
			);
			name = NSObject;
			sourceTree = "<group>";
		};
		047E4A831EC04ABB000B9356 /* UINavigationController */ = {
			isa = PBXGroup;
			children = (
				047E4A761EC04A53000B9356 /* UINavigationController+SGProgress.h */,
				047E4A771EC04A53000B9356 /* UINavigationController+SGProgress.m */,
			);
			name = UINavigationController;
			sourceTree = "<group>";
		};
		047E4A841EC04AEA000B9356 /* UISearchBar */ = {
			isa = PBXGroup;
			children = (
				047E4A7F1EC04A7A000B9356 /* UISearchBar+PlaceholderAlignment.h */,
				047E4A7E1EC04A7A000B9356 /* UISearchBar+PlaceholderAlignment.m */,
			);
			name = UISearchBar;
			sourceTree = "<group>";
		};
		047E4A851EC04B2E000B9356 /* Extensions */ = {
			isa = PBXGroup;
			children = (
				047E4A8A1EC04B80000B9356 /* ZYSnapkitAutoCellHeight */,
			);
			path = Extensions;
			sourceTree = "<group>";
		};
		047E4A8A1EC04B80000B9356 /* ZYSnapkitAutoCellHeight */ = {
			isa = PBXGroup;
			children = (
				047E4A861EC04B61000B9356 /* UITableView+CacheCellHeight.swift */,
				047E4A871EC04B61000B9356 /* UITableViewCell+AutoCellHeight.swift */,
			);
			name = ZYSnapkitAutoCellHeight;
			sourceTree = "<group>";
		};
		0489FF271EBDCBF200931E88 /* MBProgressHUD */ = {
			isa = PBXGroup;
			children = (
				0489FF281EBDCC0400931E88 /* MBProgressHUD.h */,
				0489FF291EBDCC0400931E88 /* MBProgressHUD.m */,
			);
			path = MBProgressHUD;
			sourceTree = "<group>";
		};
		049CC25A1F19C8700050C126 /* DNZEmptyDataSet */ = {
			isa = PBXGroup;
			children = (
				049CC25B1F19C8A00050C126 /* UIScrollView+EmptyDataSet.h */,
				049CC25C1F19C8A00050C126 /* UIScrollView+EmptyDataSet.m */,
			);
			name = DNZEmptyDataSet;
			sourceTree = "<group>";
		};
		049CC25F1F19FCD60050C126 /* Reachability */ = {
			isa = PBXGroup;
			children = (
				049CC2601F19FCE70050C126 /* Reachability.h */,
				049CC2611F19FCE70050C126 /* Reachability.m */,
			);
			name = Reachability;
			sourceTree = "<group>";
		};
		049CC2651F19FF230050C126 /* Frameworks */ = {
			isa = PBXGroup;
			children = (
				049CC2661F19FF230050C126 /* SystemConfiguration.framework */,
			);
			name = Frameworks;
			sourceTree = "<group>";
		};
		357553171E4817C5005A0755 = {
			isa = PBXGroup;
			children = (
				357553231E4817C5005A0755 /* ZYBase */,
				357554301E4818B7005A0755 /* ZYBaseDemo */,
				357553221E4817C5005A0755 /* Products */,
				049CC2651F19FF230050C126 /* Frameworks */,
			);
			sourceTree = "<group>";
		};
		357553221E4817C5005A0755 /* Products */ = {
			isa = PBXGroup;
			children = (
				357553211E4817C5005A0755 /* ZYBase.framework */,
				3575542F1E4818B7005A0755 /* ZYBaseDemo.app */,
			);
			name = Products;
			sourceTree = "<group>";
		};
		357553231E4817C5005A0755 /* ZYBase */ = {
			isa = PBXGroup;
			children = (
				3575532C1E481803005A0755 /* BaseSet */,
				357553321E481803005A0755 /* ThirdLib */,
				3575539F1E481804005A0755 /* Tools */,
				357553241E4817C5005A0755 /* ZYBase.h */,
				357553251E4817C5005A0755 /* Info.plist */,
			);
			path = ZYBase;
			sourceTree = "<group>";
		};
		3575532C1E481803005A0755 /* BaseSet */ = {
			isa = PBXGroup;
			children = (
				3575532E1E481803005A0755 /* BaseSetting.swift */,
				3575532F1E481803005A0755 /* BaseUI.swift */,
				357553301E481803005A0755 /* BaseVC.swift */,
				042E11B21EBC59AE00CB5944 /* BaseTabVC.swift */,
				047E4A8D1EC05519000B9356 /* BaseWebVC.swift */,
				357553311E481803005A0755 /* RootManager.swift */,
				0489FF141EBD54EB00931E88 /* BaseSearchVC.swift */,
			);
			path = BaseSet;
			sourceTree = "<group>";
		};
		357553321E481803005A0755 /* ThirdLib */ = {
			isa = PBXGroup;
			children = (
				049CC25F1F19FCD60050C126 /* Reachability */,
				046EE1DB1EC449990045976F /* HMSegmentedControl */,
				0489FF271EBDCBF200931E88 /* MBProgressHUD */,
				042E11591EBC568700CB5944 /* MJRefresh */,
				357553331E481803005A0755 /* Alamofire */,
				3575534C1E481803005A0755 /* Kingfisher */,
				357553691E481803005A0755 /* LBXScan */,
				357553721E481803005A0755 /* Snapkit */,
				3575539A1E481803005A0755 /* SwiftyJSON */,
				3575539C1E481804005A0755 /* TTTAttributedLabel */,
			);
			path = ThirdLib;
			sourceTree = "<group>";
		};
		357553331E481803005A0755 /* Alamofire */ = {
			isa = PBXGroup;
			children = (
				357553341E481803005A0755 /* Alamofire.xcodeproj */,
			);
			path = Alamofire;
			sourceTree = "<group>";
		};
		357553351E481803005A0755 /* Products */ = {
			isa = PBXGroup;
			children = (
				357554241E481804005A0755 /* Alamofire.framework */,
			);
			name = Products;
			sourceTree = "<group>";
		};
		3575534C1E481803005A0755 /* Kingfisher */ = {
			isa = PBXGroup;
			children = (
				3575534D1E481803005A0755 /* Kingfisher.xcodeproj */,
			);
			path = Kingfisher;
			sourceTree = "<group>";
		};
		3575534E1E481803005A0755 /* Products */ = {
			isa = PBXGroup;
			children = (
				357554271E481804005A0755 /* Kingfisher.framework */,
			);
			name = Products;
			sourceTree = "<group>";
		};
		357553691E481803005A0755 /* LBXScan */ = {
			isa = PBXGroup;
			children = (
				356F35641E6949650068D121 /* CodeScan.bundle */,
				3575536B1E481803005A0755 /* LBXPermissions.swift */,
				3575536C1E481803005A0755 /* LBXScanLineAnimation.swift */,
				3575536D1E481803005A0755 /* LBXScanNetAnimation.swift */,
				3575536E1E481803005A0755 /* LBXScanView.swift */,
				3575536F1E481803005A0755 /* LBXScanViewController.swift */,
				357553701E481803005A0755 /* LBXScanViewStyle.swift */,
				357553711E481803005A0755 /* LBXScanWrapper.swift */,
			);
			path = LBXScan;
			sourceTree = "<group>";
		};
		357553721E481803005A0755 /* Snapkit */ = {
			isa = PBXGroup;
			children = (
				357553731E481803005A0755 /* SnapKit.xcodeproj */,
			);
			path = Snapkit;
			sourceTree = "<group>";
		};
		357553741E481803005A0755 /* Products */ = {
			isa = PBXGroup;
			children = (
				3575542A1E481804005A0755 /* SnapKit.framework */,
			);
			name = Products;
			sourceTree = "<group>";
		};
		3575539A1E481803005A0755 /* SwiftyJSON */ = {
			isa = PBXGroup;
			children = (
				3575539B1E481804005A0755 /* SwiftyJSON.swift */,
			);
			path = SwiftyJSON;
			sourceTree = "<group>";
		};
		3575539C1E481804005A0755 /* TTTAttributedLabel */ = {
			isa = PBXGroup;
			children = (
				3575539D1E481804005A0755 /* TTTAttributedLabel.h */,
				3575539E1E481804005A0755 /* TTTAttributedLabel.m */,
			);
			path = TTTAttributedLabel;
			sourceTree = "<group>";
		};
		3575539F1E481804005A0755 /* Tools */ = {
			isa = PBXGroup;
			children = (
				0446B3461ED6CBBB00515043 /* ZYChineseSort */,
				047E4A5E1EC010FE000B9356 /* CategoriesAndExtensions */,
				357553A01E481804005A0755 /* ZYBadgeView */,
				357553A31E481804005A0755 /* ZYCustomeAlert */,
				357553AC1E481804005A0755 /* ZYFileManager */,
				357553AF1E481804005A0755 /* ZYNetModel */,
				357553B11E481804005A0755 /* ZYNetWork */,
			);
			path = Tools;
			sourceTree = "<group>";
		};
		357553A01E481804005A0755 /* ZYBadgeView */ = {
			isa = PBXGroup;
			children = (
				357553A11E481804005A0755 /* ZYBadgeView.h */,
				357553A21E481804005A0755 /* ZYBadgeView.m */,
			);
			path = ZYBadgeView;
			sourceTree = "<group>";
		};
		357553A31E481804005A0755 /* ZYCustomeAlert */ = {
			isa = PBXGroup;
			children = (
				357553A41E481804005A0755 /* UIWindow+ZYUitily.h */,
				357553A51E481804005A0755 /* UIWindow+ZYUitily.m */,
				357553A61E481804005A0755 /* ZYAlertVC.h */,
				357553A71E481804005A0755 /* ZYAlertVC.m */,
				357553A81E481804005A0755 /* ZYAlertView.h */,
				357553A91E481804005A0755 /* ZYAlertView.m */,
				357553AA1E481804005A0755 /* ZYAlertWindow.h */,
				357553AB1E481804005A0755 /* ZYAlertWindow.m */,
				047E4A8B1EC051F9000B9356 /* UIView+CustomeAlert.swift */,
				3593596D1E66766B00316A58 /* ExampleAlert */,
			);
			path = ZYCustomeAlert;
			sourceTree = "<group>";
		};
		357553AC1E481804005A0755 /* ZYFileManager */ = {
			isa = PBXGroup;
			children = (
				357553AD1E481804005A0755 /* ZYFileManager.h */,
				357553AE1E481804005A0755 /* ZYFileManager.m */,
			);
			path = ZYFileManager;
			sourceTree = "<group>";
		};
		357553AF1E481804005A0755 /* ZYNetModel */ = {
			isa = PBXGroup;
			children = (
				357553B01E481804005A0755 /* ZYRootModel.swift */,
			);
			path = ZYNetModel;
			sourceTree = "<group>";
		};
		357553B11E481804005A0755 /* ZYNetWork */ = {
			isa = PBXGroup;
			children = (
				357553B21E481804005A0755 /* ZYNetWork.swift */,
			);
			path = ZYNetWork;
			sourceTree = "<group>";
		};
		357554301E4818B7005A0755 /* ZYBaseDemo */ = {
			isa = PBXGroup;
			children = (
				350D47E91E657F80001B0C77 /* index.html */,
				357554311E4818B7005A0755 /* AppDelegate.swift */,
				35741CDA1E6FD9DA00589C51 /* BaseDemoVC.swift */,
				0447EA711E98E1F200D32E19 /* Resourece */,
				357554811E481C1E005A0755 /* Controllers */,
				357554821E481C33005A0755 /* Models */,
				357554831E481C3D005A0755 /* Views */,
				3575545F1E48194A005A0755 /* ZYBaseDemo-Bridging-Header.h */,
				357554351E4818B7005A0755 /* Main.storyboard */,
				357554381E4818B7005A0755 /* Assets.xcassets */,
				3575543A1E4818B7005A0755 /* LaunchScreen.storyboard */,
				3575543D1E4818B7005A0755 /* Info.plist */,
			);
			path = ZYBaseDemo;
			sourceTree = "<group>";
		};
		357554811E481C1E005A0755 /* Controllers */ = {
			isa = PBXGroup;
			children = (
				357554331E4818B7005A0755 /* DemoVC.swift */,
				3575545B1E48194A005A0755 /* SetVC.swift */,
				3578F80C1E6021EB0003E21E /* SubVCS */,
			);
			name = Controllers;
			sourceTree = "<group>";
		};
		357554821E481C33005A0755 /* Models */ = {
			isa = PBXGroup;
			children = (
				357554551E48194A005A0755 /* ChatModel.swift */,
				357554591E48194A005A0755 /* TestModel.swift */,
			);
			name = Models;
			sourceTree = "<group>";
		};
		357554831E481C3D005A0755 /* Views */ = {
			isa = PBXGroup;
			children = (
				357554581E48194A005A0755 /* TestAlertView.swift */,
				3575545A1E48194A005A0755 /* TestTableViewCell.swift */,
			);
			name = Views;
			sourceTree = "<group>";
		};
		3578F80C1E6021EB0003E21E /* SubVCS */ = {
			isa = PBXGroup;
			children = (
				046EE1E21EC44A690045976F /* HMSegmentDemo */,
				3592611F1E69020E0082575E /* BrowserDemo */,
				3593596A1E6670F700316A58 /* BadgeNumberDemo */,
				359359691E6670C000316A58 /* CustomAlertDemo */,
				359359681E6670B800316A58 /* ScanDemo */,
				359359671E6670AC00316A58 /* AutoCellHeightDemo */,
				359359661E66708500316A58 /* AOrKDemo */,
				359359651E66706A00316A58 /* WKWebViewDemo */,
			);
			path = SubVCS;
			sourceTree = "<group>";
		};
		3592611F1E69020E0082575E /* BrowserDemo */ = {
			isa = PBXGroup;
			children = (
				3575545C1E48194A005A0755 /* BrowserVC.swift */,
				359261201E6910E40082575E /* KINWebBrowser */,
			);
			name = BrowserDemo;
			sourceTree = "<group>";
		};
		359261201E6910E40082575E /* KINWebBrowser */ = {
			isa = PBXGroup;
			children = (
				359261211E6910E40082575E /* imageResource */,
				359261281E6910E40082575E /* KINWebBrowserViewController.h */,
				359261291E6910E40082575E /* KINWebBrowserViewController.m */,
			);
			path = KINWebBrowser;
			sourceTree = "<group>";
		};
		359261211E6910E40082575E /* imageResource */ = {
			isa = PBXGroup;
			children = (
				359261221E6910E40082575E /* backbutton.png */,
				359261231E6910E40082575E /* backbutton@2x.png */,
				359261241E6910E40082575E /* backbutton@3x.png */,
				359261251E6910E40082575E /* forwardbutton.png */,
				359261261E6910E40082575E /* forwardbutton@2x.png */,
				359261271E6910E40082575E /* forwardbutton@3x.png */,
			);
			path = imageResource;
			sourceTree = "<group>";
		};
		359359651E66706A00316A58 /* WKWebViewDemo */ = {
			isa = PBXGroup;
			children = (
				3578F8171E6023650003E21E /* WKWebVC.swift */,
				350D47E11E652997001B0C77 /* WebVC.swift */,
			);
			name = WKWebViewDemo;
			sourceTree = "<group>";
		};
		359359661E66708500316A58 /* AOrKDemo */ = {
			isa = PBXGroup;
			children = (
				3578F8151E6023500003E21E /* AorKDemoVC.swift */,
			);
			name = AOrKDemo;
			sourceTree = "<group>";
		};
		359359671E6670AC00316A58 /* AutoCellHeightDemo */ = {
			isa = PBXGroup;
			children = (
				3578F8131E6023280003E21E /* AutoCellHightVC.swift */,
			);
			name = AutoCellHeightDemo;
			sourceTree = "<group>";
		};
		359359681E6670B800316A58 /* ScanDemo */ = {
			isa = PBXGroup;
			children = (
				3578F8111E6023120003E21E /* ScanVC.swift */,
				356F35661E6971720068D121 /* ScanResultVC.swift */,
				357301AC1E6E871900976932 /* QQScanVC.swift */,
				357554561E48194A005A0755 /* MyQRCodeViewController.swift */,
			);
			name = ScanDemo;
			sourceTree = "<group>";
		};
		359359691E6670C000316A58 /* CustomAlertDemo */ = {
			isa = PBXGroup;
			children = (
				3578F80F1E6023040003E21E /* CustomAlertVC.swift */,
			);
			name = CustomAlertDemo;
			sourceTree = "<group>";
		};
		3593596A1E6670F700316A58 /* BadgeNumberDemo */ = {
			isa = PBXGroup;
			children = (
				3578F80D1E60220D0003E21E /* BadgeNumberVC.swift */,
			);
			name = BadgeNumberDemo;
			sourceTree = "<group>";
		};
		3593596D1E66766B00316A58 /* ExampleAlert */ = {
			isa = PBXGroup;
			children = (
				3593596E1E66772100316A58 /* ZYCustomSelectAlert.swift */,
				359359701E669F0200316A58 /* ZYCustomActionAlert.swift */,
				357805461E67B2AD007AB282 /* ZYCustomActionSheet.swift */,
			);
			path = ExampleAlert;
			sourceTree = "<group>";
		};
/* End PBXGroup section */

/* Begin PBXHeadersBuildPhase section */
		3575531E1E4817C5005A0755 /* Headers */ = {
			isa = PBXHeadersBuildPhase;
			buildActionMask = 2147483647;
			files = (
				357554121E481804005A0755 /* ZYBadgeView.h in Headers */,
				357553261E4817C5005A0755 /* ZYBase.h in Headers */,
				3575541C1E481804005A0755 /* ZYFileManager.h in Headers */,
				042E11A71EBC570E00CB5944 /* MJRefresh.h in Headers */,
				357554181E481804005A0755 /* ZYAlertView.h in Headers */,
				042E119C1EBC570E00CB5944 /* MJRefreshBackNormalFooter.h in Headers */,
				042E11AA1EBC570E00CB5944 /* NSBundle+MJRefresh.h in Headers */,
				042E118A1EBC570E00CB5944 /* MJRefreshAutoFooter.h in Headers */,
				042E11A41EBC570E00CB5944 /* MJRefreshStateHeader.h in Headers */,
				042E11921EBC570E00CB5944 /* MJRefreshHeader.h in Headers */,
				042E11B01EBC570E00CB5944 /* UIView+MJExtension.h in Headers */,
				042E11AC1EBC570E00CB5944 /* UIScrollView+MJExtension.h in Headers */,
				042E11961EBC570E00CB5944 /* MJRefreshAutoNormalFooter.h in Headers */,
				042E118E1EBC570E00CB5944 /* MJRefreshComponent.h in Headers */,
				042E119E1EBC570E00CB5944 /* MJRefreshBackStateFooter.h in Headers */,
				042E11AE1EBC570E00CB5944 /* UIScrollView+MJRefresh.h in Headers */,
				042E11981EBC570E00CB5944 /* MJRefreshAutoStateFooter.h in Headers */,
				042E11A81EBC570E00CB5944 /* MJRefreshConst.h in Headers */,
				042E119A1EBC570E00CB5944 /* MJRefreshBackGifFooter.h in Headers */,
				042E11A21EBC570E00CB5944 /* MJRefreshNormalHeader.h in Headers */,
				042E11941EBC570E00CB5944 /* MJRefreshAutoGifFooter.h in Headers */,
				042E118C1EBC570E00CB5944 /* MJRefreshBackFooter.h in Headers */,
				042E11901EBC570E00CB5944 /* MJRefreshFooter.h in Headers */,
				042E11A01EBC570E00CB5944 /* MJRefreshGifHeader.h in Headers */,
				047E4A811EC04A7A000B9356 /* UISearchBar+PlaceholderAlignment.h in Headers */,
				047E4A741EC04A2F000B9356 /* NSObject+Swizzling.h in Headers */,
				047E4A701EC0424C000B9356 /* NSObject+Property.h in Headers */,
				047E4A781EC04A53000B9356 /* UINavigationController+SGProgress.h in Headers */,
				0489FF2A1EBDCC0400931E88 /* MBProgressHUD.h in Headers */,
				046EE1DE1EC449990045976F /* HMSegmentedControl.h in Headers */,
				0446B3491ED6CBBB00515043 /* ZYChineseSort.h in Headers */,
				049CC25D1F19C8A00050C126 /* UIScrollView+EmptyDataSet.h in Headers */,
				049CC2621F19FCE70050C126 /* Reachability.h in Headers */,
				357554101E481804005A0755 /* TTTAttributedLabel.h in Headers */,
				3575541A1E481804005A0755 /* ZYAlertWindow.h in Headers */,
				357554141E481804005A0755 /* UIWindow+ZYUitily.h in Headers */,
				357554161E481804005A0755 /* ZYAlertVC.h in Headers */,
			);
			runOnlyForDeploymentPostprocessing = 0;
		};
/* End PBXHeadersBuildPhase section */

/* Begin PBXNativeTarget section */
		357553201E4817C5005A0755 /* ZYBase */ = {
			isa = PBXNativeTarget;
			buildConfigurationList = 357553291E4817C5005A0755 /* Build configuration list for PBXNativeTarget "ZYBase" */;
			buildPhases = (
				3575531C1E4817C5005A0755 /* Sources */,
				3575531D1E4817C5005A0755 /* Frameworks */,
				3575531E1E4817C5005A0755 /* Headers */,
				3575531F1E4817C5005A0755 /* Resources */,
			);
			buildRules = (
			);
			dependencies = (
			);
			name = ZYBase;
			productName = ZYBase;
			productReference = 357553211E4817C5005A0755 /* ZYBase.framework */;
			productType = "com.apple.product-type.framework";
		};
		3575542E1E4818B7005A0755 /* ZYBaseDemo */ = {
			isa = PBXNativeTarget;
			buildConfigurationList = 357554491E4818B7005A0755 /* Build configuration list for PBXNativeTarget "ZYBaseDemo" */;
			buildPhases = (
				3575542B1E4818B7005A0755 /* Sources */,
				3575542C1E4818B7005A0755 /* Frameworks */,
				3575542D1E4818B7005A0755 /* Resources */,
				357554741E481AD1005A0755 /* Embed Frameworks */,
			);
			buildRules = (
			);
			dependencies = (
				357554731E481AD1005A0755 /* PBXTargetDependency */,
				357554781E481AF7005A0755 /* PBXTargetDependency */,
				3575547C1E481AFC005A0755 /* PBXTargetDependency */,
				357554801E481B01005A0755 /* PBXTargetDependency */,
			);
			name = ZYBaseDemo;
			productName = ZYBaseDemo;
			productReference = 3575542F1E4818B7005A0755 /* ZYBaseDemo.app */;
			productType = "com.apple.product-type.application";
		};
/* End PBXNativeTarget section */

/* Begin PBXProject section */
		357553181E4817C5005A0755 /* Project object */ = {
			isa = PBXProject;
			attributes = {
				LastSwiftUpdateCheck = 0820;
				LastUpgradeCheck = 0820;
				ORGANIZATIONNAME = Mzywx;
				TargetAttributes = {
					357553201E4817C5005A0755 = {
						CreatedOnToolsVersion = 8.2.1;
						DevelopmentTeam = SPWT5SED3T;
						ProvisioningStyle = Automatic;
					};
					3575542E1E4818B7005A0755 = {
						CreatedOnToolsVersion = 8.2.1;
						DevelopmentTeam = SPWT5SED3T;
						ProvisioningStyle = Automatic;
					};
				};
			};
			buildConfigurationList = 3575531B1E4817C5005A0755 /* Build configuration list for PBXProject "ZYBase" */;
			compatibilityVersion = "Xcode 3.2";
			developmentRegion = English;
			hasScannedForEncodings = 0;
			knownRegions = (
				en,
				Base,
			);
			mainGroup = 357553171E4817C5005A0755;
			productRefGroup = 357553221E4817C5005A0755 /* Products */;
			projectDirPath = "";
			projectReferences = (
				{
					ProductGroup = 357553351E481803005A0755 /* Products */;
					ProjectRef = 357553341E481803005A0755 /* Alamofire.xcodeproj */;
				},
				{
					ProductGroup = 3575534E1E481803005A0755 /* Products */;
					ProjectRef = 3575534D1E481803005A0755 /* Kingfisher.xcodeproj */;
				},
				{
					ProductGroup = 357553741E481803005A0755 /* Products */;
					ProjectRef = 357553731E481803005A0755 /* SnapKit.xcodeproj */;
				},
			);
			projectRoot = "";
			targets = (
				357553201E4817C5005A0755 /* ZYBase */,
				3575542E1E4818B7005A0755 /* ZYBaseDemo */,
			);
		};
/* End PBXProject section */

/* Begin PBXReferenceProxy section */
		357554241E481804005A0755 /* Alamofire.framework */ = {
			isa = PBXReferenceProxy;
			fileType = wrapper.framework;
			path = Alamofire.framework;
			remoteRef = 357554231E481804005A0755 /* PBXContainerItemProxy */;
			sourceTree = BUILT_PRODUCTS_DIR;
		};
		357554271E481804005A0755 /* Kingfisher.framework */ = {
			isa = PBXReferenceProxy;
			fileType = wrapper.framework;
			path = Kingfisher.framework;
			remoteRef = 357554261E481804005A0755 /* PBXContainerItemProxy */;
			sourceTree = BUILT_PRODUCTS_DIR;
		};
		3575542A1E481804005A0755 /* SnapKit.framework */ = {
			isa = PBXReferenceProxy;
			fileType = wrapper.framework;
			path = SnapKit.framework;
			remoteRef = 357554291E481804005A0755 /* PBXContainerItemProxy */;
			sourceTree = BUILT_PRODUCTS_DIR;
		};
/* End PBXReferenceProxy section */

/* Begin PBXResourcesBuildPhase section */
		3575531F1E4817C5005A0755 /* Resources */ = {
			isa = PBXResourcesBuildPhase;
			buildActionMask = 2147483647;
			files = (
				042E11A61EBC570E00CB5944 /* MJRefresh.bundle in Resources */,
				356F35651E6949650068D121 /* CodeScan.bundle in Resources */,
			);
			runOnlyForDeploymentPostprocessing = 0;
		};
		3575542D1E4818B7005A0755 /* Resources */ = {
			isa = PBXResourcesBuildPhase;
			buildActionMask = 2147483647;
			files = (
				3592612E1E6910E40082575E /* forwardbutton@2x.png in Resources */,
				3592612F1E6910E40082575E /* forwardbutton@3x.png in Resources */,
				3592612A1E6910E40082575E /* backbutton.png in Resources */,
				0447EA7A1E98E21200D32E19 /* ga.js in Resources */,
				3575543C1E4818B7005A0755 /* LaunchScreen.storyboard in Resources */,
				350D47EA1E657F80001B0C77 /* index.html in Resources */,
				3592612B1E6910E40082575E /* backbutton@2x.png in Resources */,
				3592612C1E6910E40082575E /* backbutton@3x.png in Resources */,
				0447EA7C1E98E21200D32E19 /* protoclass.js in Resources */,
				0447EA781E98E21200D32E19 /* BallPool.html in Resources */,
				3592612D1E6910E40082575E /* forwardbutton.png in Resources */,
				357554391E4818B7005A0755 /* Assets.xcassets in Resources */,
				0447EA791E98E21200D32E19 /* box2d.js in Resources */,
				357554371E4818B7005A0755 /* Main.storyboard in Resources */,
				0447EA7B1E98E21200D32E19 /* Main.js in Resources */,
			);
			runOnlyForDeploymentPostprocessing = 0;
		};
/* End PBXResourcesBuildPhase section */

/* Begin PBXSourcesBuildPhase section */
		3575531C1E4817C5005A0755 /* Sources */ = {
			isa = PBXSourcesBuildPhase;
			buildActionMask = 2147483647;
			files = (
				042E11AD1EBC570E00CB5944 /* UIScrollView+MJExtension.m in Sources */,
				357554131E481804005A0755 /* ZYBadgeView.m in Sources */,
				042E11A31EBC570E00CB5944 /* MJRefreshNormalHeader.m in Sources */,
				047E4A751EC04A2F000B9356 /* NSObject+Swizzling.m in Sources */,
				357553EC1E481804005A0755 /* LBXScanWrapper.swift in Sources */,
				042E119F1EBC570E00CB5944 /* MJRefreshBackStateFooter.m in Sources */,
				3575541E1E481804005A0755 /* ZYRootModel.swift in Sources */,
				357553E91E481804005A0755 /* LBXScanView.swift in Sources */,
				047E4A891EC04B61000B9356 /* UITableViewCell+AutoCellHeight.swift in Sources */,
				042E119D1EBC570E00CB5944 /* MJRefreshBackNormalFooter.m in Sources */,
				357553E71E481804005A0755 /* LBXScanLineAnimation.swift in Sources */,
				3575541B1E481804005A0755 /* ZYAlertWindow.m in Sources */,
				042E11911EBC570E00CB5944 /* MJRefreshFooter.m in Sources */,
				357553EB1E481804005A0755 /* LBXScanViewStyle.swift in Sources */,
				047E4A801EC04A7A000B9356 /* UISearchBar+PlaceholderAlignment.m in Sources */,
				042E11931EBC570E00CB5944 /* MJRefreshHeader.m in Sources */,
				047E4A8E1EC05519000B9356 /* BaseWebVC.swift in Sources */,
				042E11A91EBC570E00CB5944 /* MJRefreshConst.m in Sources */,
				357553BA1E481804005A0755 /* RootManager.swift in Sources */,
				3593596F1E66772100316A58 /* ZYCustomSelectAlert.swift in Sources */,
				042E11B31EBC59AE00CB5944 /* BaseTabVC.swift in Sources */,
				042E11971EBC570E00CB5944 /* MJRefreshAutoNormalFooter.m in Sources */,
				042E11AB1EBC570E00CB5944 /* NSBundle+MJRefresh.m in Sources */,
				047E4A8C1EC051F9000B9356 /* UIView+CustomeAlert.swift in Sources */,
				049CC2631F19FCE70050C126 /* Reachability.m in Sources */,
				357553B71E481804005A0755 /* BaseSetting.swift in Sources */,
				049CC25E1F19C8A00050C126 /* UIScrollView+EmptyDataSet.m in Sources */,
				357553B81E481804005A0755 /* BaseUI.swift in Sources */,
				0489FF2B1EBDCC0400931E88 /* MBProgressHUD.m in Sources */,
				047E4A791EC04A53000B9356 /* UINavigationController+SGProgress.m in Sources */,
				357553B91E481804005A0755 /* BaseVC.swift in Sources */,
				046EE1DF1EC449990045976F /* HMSegmentedControl.m in Sources */,
				357805471E67B2AD007AB282 /* ZYCustomActionSheet.swift in Sources */,
				042E119B1EBC570E00CB5944 /* MJRefreshBackGifFooter.m in Sources */,
				357554151E481804005A0755 /* UIWindow+ZYUitily.m in Sources */,
				0489FF151EBD54EB00931E88 /* BaseSearchVC.swift in Sources */,
				042E11951EBC570E00CB5944 /* MJRefreshAutoGifFooter.m in Sources */,
				042E11A11EBC570E00CB5944 /* MJRefreshGifHeader.m in Sources */,
				042E118F1EBC570E00CB5944 /* MJRefreshComponent.m in Sources */,
				359359711E669F0200316A58 /* ZYCustomActionAlert.swift in Sources */,
				357553E61E481804005A0755 /* LBXPermissions.swift in Sources */,
				357553EA1E481804005A0755 /* LBXScanViewController.swift in Sources */,
				047E4A711EC0424C000B9356 /* NSObject+Property.m in Sources */,
				042E118D1EBC570E00CB5944 /* MJRefreshBackFooter.m in Sources */,
				042E11A51EBC570E00CB5944 /* MJRefreshStateHeader.m in Sources */,
				042E11B11EBC570E00CB5944 /* UIView+MJExtension.m in Sources */,
				0446B34A1ED6CBBB00515043 /* ZYChineseSort.m in Sources */,
				357553E81E481804005A0755 /* LBXScanNetAnimation.swift in Sources */,
				357554111E481804005A0755 /* TTTAttributedLabel.m in Sources */,
				047E4A881EC04B61000B9356 /* UITableView+CacheCellHeight.swift in Sources */,
				3575540F1E481804005A0755 /* SwiftyJSON.swift in Sources */,
				3575541D1E481804005A0755 /* ZYFileManager.m in Sources */,
				3575541F1E481804005A0755 /* ZYNetWork.swift in Sources */,
				042E11991EBC570E00CB5944 /* MJRefreshAutoStateFooter.m in Sources */,
				042E11AF1EBC570E00CB5944 /* UIScrollView+MJRefresh.m in Sources */,
				042E118B1EBC570E00CB5944 /* MJRefreshAutoFooter.m in Sources */,
				357554191E481804005A0755 /* ZYAlertView.m in Sources */,
				357554171E481804005A0755 /* ZYAlertVC.m in Sources */,
			);
			runOnlyForDeploymentPostprocessing = 0;
		};
		3575542B1E4818B7005A0755 /* Sources */ = {
			isa = PBXSourcesBuildPhase;
			buildActionMask = 2147483647;
			files = (
				3578F80E1E60220D0003E21E /* BadgeNumberVC.swift in Sources */,
				3578F8181E6023650003E21E /* WKWebVC.swift in Sources */,
				3578F8161E6023500003E21E /* AorKDemoVC.swift in Sources */,
				357554661E48194A005A0755 /* SetVC.swift in Sources */,
				357554631E48194A005A0755 /* TestAlertView.swift in Sources */,
				356F35671E6971720068D121 /* ScanResultVC.swift in Sources */,
				357554341E4818B7005A0755 /* DemoVC.swift in Sources */,
				357301AD1E6E871900976932 /* QQScanVC.swift in Sources */,
				3578F8141E6023280003E21E /* AutoCellHightVC.swift in Sources */,
				350D47E21E652997001B0C77 /* WebVC.swift in Sources */,
				357554641E48194A005A0755 /* TestModel.swift in Sources */,
				357554671E48194A005A0755 /* BrowserVC.swift in Sources */,
				35741CDB1E6FD9DA00589C51 /* BaseDemoVC.swift in Sources */,
				046EE1E41EC44AB80045976F /* HMSegmentVC.swift in Sources */,
				3578F8101E6023040003E21E /* CustomAlertVC.swift in Sources */,
				357554321E4818B7005A0755 /* AppDelegate.swift in Sources */,
				3578F8121E6023120003E21E /* ScanVC.swift in Sources */,
				357554651E48194A005A0755 /* TestTableViewCell.swift in Sources */,
				357554611E48194A005A0755 /* MyQRCodeViewController.swift in Sources */,
				357554601E48194A005A0755 /* ChatModel.swift in Sources */,
				359261301E6910E40082575E /* KINWebBrowserViewController.m in Sources */,
			);
			runOnlyForDeploymentPostprocessing = 0;
		};
/* End PBXSourcesBuildPhase section */

/* Begin PBXTargetDependency section */
		357554731E481AD1005A0755 /* PBXTargetDependency */ = {
			isa = PBXTargetDependency;
			target = 357553201E4817C5005A0755 /* ZYBase */;
			targetProxy = 357554721E481AD1005A0755 /* PBXContainerItemProxy */;
		};
		357554781E481AF7005A0755 /* PBXTargetDependency */ = {
			isa = PBXTargetDependency;
			name = "Alamofire iOS";
			targetProxy = 357554771E481AF7005A0755 /* PBXContainerItemProxy */;
		};
		3575547C1E481AFC005A0755 /* PBXTargetDependency */ = {
			isa = PBXTargetDependency;
			name = SnapKit;
			targetProxy = 3575547B1E481AFC005A0755 /* PBXContainerItemProxy */;
		};
		357554801E481B01005A0755 /* PBXTargetDependency */ = {
			isa = PBXTargetDependency;
			name = "Kingfisher-iOS";
			targetProxy = 3575547F1E481B01005A0755 /* PBXContainerItemProxy */;
		};
/* End PBXTargetDependency section */

/* Begin PBXVariantGroup section */
		357554351E4818B7005A0755 /* Main.storyboard */ = {
			isa = PBXVariantGroup;
			children = (
				357554361E4818B7005A0755 /* Base */,
			);
			name = Main.storyboard;
			sourceTree = "<group>";
		};
		3575543A1E4818B7005A0755 /* LaunchScreen.storyboard */ = {
			isa = PBXVariantGroup;
			children = (
				3575543B1E4818B7005A0755 /* Base */,
			);
			name = LaunchScreen.storyboard;
			sourceTree = "<group>";
		};
/* End PBXVariantGroup section */

/* Begin XCBuildConfiguration section */
		357553271E4817C5005A0755 /* Debug */ = {
			isa = XCBuildConfiguration;
			buildSettings = {
				ALWAYS_SEARCH_USER_PATHS = NO;
				CLANG_ANALYZER_NONNULL = YES;
				CLANG_CXX_LANGUAGE_STANDARD = "gnu++0x";
				CLANG_CXX_LIBRARY = "libc++";
				CLANG_ENABLE_MODULES = YES;
				CLANG_ENABLE_OBJC_ARC = YES;
				CLANG_WARN_BOOL_CONVERSION = YES;
				CLANG_WARN_CONSTANT_CONVERSION = YES;
				CLANG_WARN_DIRECT_OBJC_ISA_USAGE = YES_ERROR;
				CLANG_WARN_DOCUMENTATION_COMMENTS = YES;
				CLANG_WARN_EMPTY_BODY = YES;
				CLANG_WARN_ENUM_CONVERSION = YES;
				CLANG_WARN_INFINITE_RECURSION = YES;
				CLANG_WARN_INT_CONVERSION = YES;
				CLANG_WARN_OBJC_ROOT_CLASS = YES_ERROR;
				CLANG_WARN_SUSPICIOUS_MOVE = YES;
				CLANG_WARN_UNREACHABLE_CODE = YES;
				CLANG_WARN__DUPLICATE_METHOD_MATCH = YES;
				"CODE_SIGN_IDENTITY[sdk=iphoneos*]" = "iPhone Developer";
				COPY_PHASE_STRIP = NO;
				CURRENT_PROJECT_VERSION = 1;
				DEBUG_INFORMATION_FORMAT = dwarf;
				ENABLE_STRICT_OBJC_MSGSEND = YES;
				ENABLE_TESTABILITY = YES;
				GCC_C_LANGUAGE_STANDARD = gnu99;
				GCC_DYNAMIC_NO_PIC = NO;
				GCC_NO_COMMON_BLOCKS = YES;
				GCC_OPTIMIZATION_LEVEL = 0;
				GCC_PREPROCESSOR_DEFINITIONS = (
					"DEBUG=1",
					"$(inherited)",
				);
				GCC_WARN_64_TO_32_BIT_CONVERSION = YES;
				GCC_WARN_ABOUT_RETURN_TYPE = YES_ERROR;
				GCC_WARN_UNDECLARED_SELECTOR = YES;
				GCC_WARN_UNINITIALIZED_AUTOS = YES_AGGRESSIVE;
				GCC_WARN_UNUSED_FUNCTION = YES;
				GCC_WARN_UNUSED_VARIABLE = YES;
				IPHONEOS_DEPLOYMENT_TARGET = 10.2;
				MTL_ENABLE_DEBUG_INFO = YES;
				ONLY_ACTIVE_ARCH = YES;
				SDKROOT = iphoneos;
				SWIFT_ACTIVE_COMPILATION_CONDITIONS = DEBUG;
				SWIFT_OPTIMIZATION_LEVEL = "-Onone";
				TARGETED_DEVICE_FAMILY = "1,2";
				VERSIONING_SYSTEM = "apple-generic";
				VERSION_INFO_PREFIX = "";
			};
			name = Debug;
		};
		357553281E4817C5005A0755 /* Release */ = {
			isa = XCBuildConfiguration;
			buildSettings = {
				ALWAYS_SEARCH_USER_PATHS = NO;
				CLANG_ANALYZER_NONNULL = YES;
				CLANG_CXX_LANGUAGE_STANDARD = "gnu++0x";
				CLANG_CXX_LIBRARY = "libc++";
				CLANG_ENABLE_MODULES = YES;
				CLANG_ENABLE_OBJC_ARC = YES;
				CLANG_WARN_BOOL_CONVERSION = YES;
				CLANG_WARN_CONSTANT_CONVERSION = YES;
				CLANG_WARN_DIRECT_OBJC_ISA_USAGE = YES_ERROR;
				CLANG_WARN_DOCUMENTATION_COMMENTS = YES;
				CLANG_WARN_EMPTY_BODY = YES;
				CLANG_WARN_ENUM_CONVERSION = YES;
				CLANG_WARN_INFINITE_RECURSION = YES;
				CLANG_WARN_INT_CONVERSION = YES;
				CLANG_WARN_OBJC_ROOT_CLASS = YES_ERROR;
				CLANG_WARN_SUSPICIOUS_MOVE = YES;
				CLANG_WARN_UNREACHABLE_CODE = YES;
				CLANG_WARN__DUPLICATE_METHOD_MATCH = YES;
				"CODE_SIGN_IDENTITY[sdk=iphoneos*]" = "iPhone Developer";
				COPY_PHASE_STRIP = NO;
				CURRENT_PROJECT_VERSION = 1;
				DEBUG_INFORMATION_FORMAT = "dwarf-with-dsym";
				ENABLE_NS_ASSERTIONS = NO;
				ENABLE_STRICT_OBJC_MSGSEND = YES;
				GCC_C_LANGUAGE_STANDARD = gnu99;
				GCC_NO_COMMON_BLOCKS = YES;
				GCC_WARN_64_TO_32_BIT_CONVERSION = YES;
				GCC_WARN_ABOUT_RETURN_TYPE = YES_ERROR;
				GCC_WARN_UNDECLARED_SELECTOR = YES;
				GCC_WARN_UNINITIALIZED_AUTOS = YES_AGGRESSIVE;
				GCC_WARN_UNUSED_FUNCTION = YES;
				GCC_WARN_UNUSED_VARIABLE = YES;
				IPHONEOS_DEPLOYMENT_TARGET = 10.2;
				MTL_ENABLE_DEBUG_INFO = NO;
				SDKROOT = iphoneos;
				SWIFT_OPTIMIZATION_LEVEL = "-Owholemodule";
				TARGETED_DEVICE_FAMILY = "1,2";
				VALIDATE_PRODUCT = YES;
				VERSIONING_SYSTEM = "apple-generic";
				VERSION_INFO_PREFIX = "";
			};
			name = Release;
		};
		3575532A1E4817C5005A0755 /* Debug */ = {
			isa = XCBuildConfiguration;
			buildSettings = {
				CODE_SIGN_IDENTITY = "";
				"CODE_SIGN_IDENTITY[sdk=iphoneos*]" = "iPhone Developer";
				DEFINES_MODULE = YES;
				DEVELOPMENT_TEAM = SPWT5SED3T;
				DYLIB_COMPATIBILITY_VERSION = 1;
				DYLIB_CURRENT_VERSION = 1;
				DYLIB_INSTALL_NAME_BASE = "@rpath";
				INFOPLIST_FILE = ZYBase/Info.plist;
				INSTALL_PATH = "$(LOCAL_LIBRARY_DIR)/Frameworks";
				IPHONEOS_DEPLOYMENT_TARGET = 8.0;
				LD_RUNPATH_SEARCH_PATHS = "$(inherited) @executable_path/Frameworks @loader_path/Frameworks";
				PRODUCT_BUNDLE_IDENTIFIER = Mr.Zhu.ZYBase;
				PRODUCT_NAME = "$(TARGET_NAME)";
				PROVISIONING_PROFILE_SPECIFIER = "";
				SKIP_INSTALL = YES;
				SWIFT_VERSION = 3.0;
				TARGETED_DEVICE_FAMILY = 1;
			};
			name = Debug;
		};
		3575532B1E4817C5005A0755 /* Release */ = {
			isa = XCBuildConfiguration;
			buildSettings = {
				CODE_SIGN_IDENTITY = "";
				"CODE_SIGN_IDENTITY[sdk=iphoneos*]" = "iPhone Developer";
				DEFINES_MODULE = YES;
				DEVELOPMENT_TEAM = SPWT5SED3T;
				DYLIB_COMPATIBILITY_VERSION = 1;
				DYLIB_CURRENT_VERSION = 1;
				DYLIB_INSTALL_NAME_BASE = "@rpath";
				INFOPLIST_FILE = ZYBase/Info.plist;
				INSTALL_PATH = "$(LOCAL_LIBRARY_DIR)/Frameworks";
				IPHONEOS_DEPLOYMENT_TARGET = 8.0;
				LD_RUNPATH_SEARCH_PATHS = "$(inherited) @executable_path/Frameworks @loader_path/Frameworks";
				PRODUCT_BUNDLE_IDENTIFIER = Mr.Zhu.ZYBase;
				PRODUCT_NAME = "$(TARGET_NAME)";
				PROVISIONING_PROFILE_SPECIFIER = "";
				SKIP_INSTALL = YES;
				SWIFT_VERSION = 3.0;
				TARGETED_DEVICE_FAMILY = 1;
			};
			name = Release;
		};
		3575544A1E4818B7005A0755 /* Debug */ = {
			isa = XCBuildConfiguration;
			buildSettings = {
				ALWAYS_EMBED_SWIFT_STANDARD_LIBRARIES = YES;
				ASSETCATALOG_COMPILER_APPICON_NAME = AppIcon;
				DEVELOPMENT_TEAM = SPWT5SED3T;
				INFOPLIST_FILE = ZYBaseDemo/Info.plist;
				IPHONEOS_DEPLOYMENT_TARGET = 8.0;
				LD_RUNPATH_SEARCH_PATHS = "$(inherited) @executable_path/Frameworks";
				PRODUCT_BUNDLE_IDENTIFIER = Mr.Zhu.ZYBaseDemo;
				PRODUCT_NAME = "$(TARGET_NAME)";
				SWIFT_OBJC_BRIDGING_HEADER = "ZYBaseDemo/ZYBaseDemo-Bridging-Header.h";
				SWIFT_VERSION = 3.0;
				TARGETED_DEVICE_FAMILY = 1;
			};
			name = Debug;
		};
		3575544B1E4818B7005A0755 /* Release */ = {
			isa = XCBuildConfiguration;
			buildSettings = {
				ALWAYS_EMBED_SWIFT_STANDARD_LIBRARIES = YES;
				ASSETCATALOG_COMPILER_APPICON_NAME = AppIcon;
				DEVELOPMENT_TEAM = SPWT5SED3T;
				INFOPLIST_FILE = ZYBaseDemo/Info.plist;
				IPHONEOS_DEPLOYMENT_TARGET = 8.0;
				LD_RUNPATH_SEARCH_PATHS = "$(inherited) @executable_path/Frameworks";
				PRODUCT_BUNDLE_IDENTIFIER = Mr.Zhu.ZYBaseDemo;
				PRODUCT_NAME = "$(TARGET_NAME)";
				SWIFT_OBJC_BRIDGING_HEADER = "ZYBaseDemo/ZYBaseDemo-Bridging-Header.h";
				SWIFT_VERSION = 3.0;
				TARGETED_DEVICE_FAMILY = 1;
			};
			name = Release;
		};
/* End XCBuildConfiguration section */

/* Begin XCConfigurationList section */
		3575531B1E4817C5005A0755 /* Build configuration list for PBXProject "ZYBase" */ = {
			isa = XCConfigurationList;
			buildConfigurations = (
				357553271E4817C5005A0755 /* Debug */,
				357553281E4817C5005A0755 /* Release */,
			);
			defaultConfigurationIsVisible = 0;
			defaultConfigurationName = Release;
		};
		357553291E4817C5005A0755 /* Build configuration list for PBXNativeTarget "ZYBase" */ = {
			isa = XCConfigurationList;
			buildConfigurations = (
				3575532A1E4817C5005A0755 /* Debug */,
				3575532B1E4817C5005A0755 /* Release */,
			);
			defaultConfigurationIsVisible = 0;
			defaultConfigurationName = Release;
		};
		357554491E4818B7005A0755 /* Build configuration list for PBXNativeTarget "ZYBaseDemo" */ = {
			isa = XCConfigurationList;
			buildConfigurations = (
				3575544A1E4818B7005A0755 /* Debug */,
				3575544B1E4818B7005A0755 /* Release */,
			);
			defaultConfigurationIsVisible = 0;
			defaultConfigurationName = Release;
		};
/* End XCConfigurationList section */
	};
	rootObject = 357553181E4817C5005A0755 /* Project object */;
}
